
Microsoft Visual Studio Solution File, Format Version 12.00
# Visual Studio Express 2012 for Windows Desktop
Project("{8BC9CEB8-8B4A-11D0-8D11-00A0C91BC942}") = "ThDySec", "ThDySec\ThDySec.vcxproj", "{F7687E22-C13B-4649-B9AC-A34F3FDC7186}"
EndProject
Project("{8BC9CEB8-8B4A-11D0-8D11-00A0C91BC942}") = "ThDy_programs", "ThDy_programs\ThDy_programs.vcxproj", "{8981222C-BAB6-4B81-9CDA-57F9037E9C98}"
	ProjectSection(ProjectDependencies) = postProject
		{F7687E22-C13B-4649-B9AC-A34F3FDC7186} = {F7687E22-C13B-4649-B9AC-A34F3FDC7186}
	EndProjectSection
EndProject
Project("{2150E333-8FDC-42A3-9474-1A3956D46DE8}") = "Solution Items", "Solution Items", "{108712F6-0527-4B21-8EFF-2D98C8D8D88F}"
EndProject
Project("{8BC9CEB8-8B4A-11D0-8D11-00A0C91BC942}") = "ThDy_DNAHybrid.WF", "ThDy_DNAHybrid.WF\ThDy_DNAHybrid.WF.vcxproj", "{3978BFA1-CA1C-4326-A1A4-FD6201F5B170}"
	ProjectSection(ProjectDependencies) = postProject
		{8981222C-BAB6-4B81-9CDA-57F9037E9C98} = {8981222C-BAB6-4B81-9CDA-57F9037E9C98}
		{F7687E22-C13B-4649-B9AC-A34F3FDC7186} = {F7687E22-C13B-4649-B9AC-A34F3FDC7186}
	EndProjectSection
EndProject
Project("{8BC9CEB8-8B4A-11D0-8D11-00A0C91BC942}") = "ThDy_DNAHybrid.MFC", "ThDy_DNAHybrid.MFC\ThDy_DNAHybrid.MFC.vcxproj", "{F9DA641C-B7C6-44F1-BC0F-27289F435442}"
	ProjectSection(ProjectDependencies) = postProject
		{8981222C-BAB6-4B81-9CDA-57F9037E9C98} = {8981222C-BAB6-4B81-9CDA-57F9037E9C98}
		{F7687E22-C13B-4649-B9AC-A34F3FDC7186} = {F7687E22-C13B-4649-B9AC-A34F3FDC7186}
	EndProjectSection
EndProject
Project("{6141683F-8A12-4E36-9623-2EB02B2C2303}") = "SetupThDyHibr", "SetupThDyHibr\SetupThDyHibr.isproj", "{6249160A-1120-4786-81FE-0261567DD762}"
	ProjectSection(ProjectDependencies) = postProject
		{3978BFA1-CA1C-4326-A1A4-FD6201F5B170} = {3978BFA1-CA1C-4326-A1A4-FD6201F5B170}
		{8981222C-BAB6-4B81-9CDA-57F9037E9C98} = {8981222C-BAB6-4B81-9CDA-57F9037E9C98}
		{F7687E22-C13B-4649-B9AC-A34F3FDC7186} = {F7687E22-C13B-4649-B9AC-A34F3FDC7186}
	EndProjectSection
EndProject
Project("{8BC9CEB8-8B4A-11D0-8D11-00A0C91BC942}") = "ThDy_DNAHybrid.NANA", "ThDy_DNAHybrid.NANA\ThDy_DNAHybrid.NANA.vcxproj", "{7B9273F7-C86E-469B-9EDA-6E535E2311B4}"
	ProjectSection(ProjectDependencies) = postProject
		{8981222C-BAB6-4B81-9CDA-57F9037E9C98} = {8981222C-BAB6-4B81-9CDA-57F9037E9C98}
		{F7687E22-C13B-4649-B9AC-A34F3FDC7186} = {F7687E22-C13B-4649-B9AC-A34F3FDC7186}
	EndProjectSection
EndProject
Project("{8BC9CEB8-8B4A-11D0-8D11-00A0C91BC942}") = "ThDy_DNAHybrid.JUCE", "ThDy_DNAHybrid.JUCE\ThDy_DNAHybrid.JUCE.vcxproj", "{76D8506C-407C-438F-84B9-1F527D96E490}"
	ProjectSection(ProjectDependencies) = postProject
		{8981222C-BAB6-4B81-9CDA-57F9037E9C98} = {8981222C-BAB6-4B81-9CDA-57F9037E9C98}
		{F7687E22-C13B-4649-B9AC-A34F3FDC7186} = {F7687E22-C13B-4649-B9AC-A34F3FDC7186}
	EndProjectSection
EndProject
Project("{8BC9CEB8-8B4A-11D0-8D11-00A0C91BC942}") = "ThDy_DNAHybrid.Excel", "ThDy_DNAHybrid.Excel\ThDy_DNAHybrid.Excel.vcxproj", "{19B61B63-6E06-4191-B378-48C714F5D9E0}"
EndProject
Global
	GlobalSection(SolutionConfigurationPlatforms) = preSolution
		_MDdebug|Mixed Platforms = _MDdebug|Mixed Platforms
		_MDdebug|Win32 = _MDdebug|Win32
		_MDdebug|x64 = _MDdebug|x64
		_MDrelease|Mixed Platforms = _MDrelease|Mixed Platforms
		_MDrelease|Win32 = _MDrelease|Win32
		_MDrelease|x64 = _MDrelease|x64
		_MT|Mixed Platforms = _MT|Mixed Platforms
		_MT|Win32 = _MT|Win32
		_MT|x64 = _MT|x64
		_MTd|Mixed Platforms = _MTd|Mixed Platforms
		_MTd|Win32 = _MTd|Win32
		_MTd|x64 = _MTd|x64
		_MTdebug|Mixed Platforms = _MTdebug|Mixed Platforms
		_MTdebug|Win32 = _MTdebug|Win32
		_MTdebug|x64 = _MTdebug|x64
		_MTrelease|Mixed Platforms = _MTrelease|Mixed Platforms
		_MTrelease|Win32 = _MTrelease|Win32
		_MTrelease|x64 = _MTrelease|x64
		CD_ROM|Mixed Platforms = CD_ROM|Mixed Platforms
		CD_ROM|Win32 = CD_ROM|Win32
		CD_ROM|x64 = CD_ROM|x64
		Debug|Mixed Platforms = Debug|Mixed Platforms
		Debug|Win32 = Debug|Win32
		Debug|x64 = Debug|x64
		DVD-5|Mixed Platforms = DVD-5|Mixed Platforms
		DVD-5|Win32 = DVD-5|Win32
		DVD-5|x64 = DVD-5|x64
		MD_deb_Nov12|Mixed Platforms = MD_deb_Nov12|Mixed Platforms
		MD_deb_Nov12|Win32 = MD_deb_Nov12|Win32
		MD_deb_Nov12|x64 = MD_deb_Nov12|x64
		MD_rel_Nov12|Mixed Platforms = MD_rel_Nov12|Mixed Platforms
		MD_rel_Nov12|Win32 = MD_rel_Nov12|Win32
		MD_rel_Nov12|x64 = MD_rel_Nov12|x64
		MDdebug|Mixed Platforms = MDdebug|Mixed Platforms
		MDdebug|Win32 = MDdebug|Win32
		MDdebug|x64 = MDdebug|x64
		MDrelease|Mixed Platforms = MDrelease|Mixed Platforms
		MDrelease|Win32 = MDrelease|Win32
		MDrelease|x64 = MDrelease|x64
		MTdebug|Mixed Platforms = MTdebug|Mixed Platforms
		MTdebug|Win32 = MTdebug|Win32
		MTdebug|x64 = MTdebug|x64
		MTdfebug|Mixed Platforms = MTdfebug|Mixed Platforms
		MTdfebug|Win32 = MTdfebug|Win32
		MTdfebug|x64 = MTdfebug|x64
		MTrelease|Mixed Platforms = MTrelease|Mixed Platforms
		MTrelease|Win32 = MTrelease|Win32
		MTrelease|x64 = MTrelease|x64
		Release|Mixed Platforms = Release|Mixed Platforms
		Release|Win32 = Release|Win32
		Release|x64 = Release|x64
		SingleImage|Mixed Platforms = SingleImage|Mixed Platforms
		SingleImage|Win32 = SingleImage|Win32
		SingleImage|x64 = SingleImage|x64
	EndGlobalSection
	GlobalSection(ProjectConfigurationPlatforms) = postSolution
		{F7687E22-C13B-4649-B9AC-A34F3FDC7186}._MDdebug|Mixed Platforms.ActiveCfg = _MDdebug|Win32
		{F7687E22-C13B-4649-B9AC-A34F3FDC7186}._MDdebug|Mixed Platforms.Build.0 = _MDdebug|Win32
		{F7687E22-C13B-4649-B9AC-A34F3FDC7186}._MDdebug|Win32.ActiveCfg = _MDdebug|Win32
		{F7687E22-C13B-4649-B9AC-A34F3FDC7186}._MDdebug|Win32.Build.0 = _MDdebug|Win32
		{F7687E22-C13B-4649-B9AC-A34F3FDC7186}._MDdebug|x64.ActiveCfg = _MDdebug|x64
		{F7687E22-C13B-4649-B9AC-A34F3FDC7186}._MDdebug|x64.Build.0 = _MDdebug|x64
		{F7687E22-C13B-4649-B9AC-A34F3FDC7186}._MDrelease|Mixed Platforms.ActiveCfg = _MDrelease|Win32
		{F7687E22-C13B-4649-B9AC-A34F3FDC7186}._MDrelease|Mixed Platforms.Build.0 = _MDrelease|Win32
		{F7687E22-C13B-4649-B9AC-A34F3FDC7186}._MDrelease|Win32.ActiveCfg = _MDrelease|Win32
		{F7687E22-C13B-4649-B9AC-A34F3FDC7186}._MDrelease|Win32.Build.0 = _MDrelease|Win32
		{F7687E22-C13B-4649-B9AC-A34F3FDC7186}._MDrelease|x64.ActiveCfg = _MDrelease|x64
		{F7687E22-C13B-4649-B9AC-A34F3FDC7186}._MDrelease|x64.Build.0 = _MDrelease|x64
		{F7687E22-C13B-4649-B9AC-A34F3FDC7186}._MT|Mixed Platforms.ActiveCfg = _MT|Win32
		{F7687E22-C13B-4649-B9AC-A34F3FDC7186}._MT|Mixed Platforms.Build.0 = _MT|Win32
		{F7687E22-C13B-4649-B9AC-A34F3FDC7186}._MT|Win32.ActiveCfg = _MT|Win32
		{F7687E22-C13B-4649-B9AC-A34F3FDC7186}._MT|Win32.Build.0 = _MT|Win32
		{F7687E22-C13B-4649-B9AC-A34F3FDC7186}._MT|x64.ActiveCfg = _MT|x64
		{F7687E22-C13B-4649-B9AC-A34F3FDC7186}._MT|x64.Build.0 = _MT|x64
		{F7687E22-C13B-4649-B9AC-A34F3FDC7186}._MTd|Mixed Platforms.ActiveCfg = _MTd|Win32
		{F7687E22-C13B-4649-B9AC-A34F3FDC7186}._MTd|Mixed Platforms.Build.0 = _MTd|Win32
		{F7687E22-C13B-4649-B9AC-A34F3FDC7186}._MTd|Win32.ActiveCfg = _MTd|Win32
		{F7687E22-C13B-4649-B9AC-A34F3FDC7186}._MTd|Win32.Build.0 = _MTd|Win32
		{F7687E22-C13B-4649-B9AC-A34F3FDC7186}._MTd|x64.ActiveCfg = _MTd|x64
		{F7687E22-C13B-4649-B9AC-A34F3FDC7186}._MTd|x64.Build.0 = _MTd|x64
		{F7687E22-C13B-4649-B9AC-A34F3FDC7186}._MTdebug|Mixed Platforms.ActiveCfg = _MTdebug|Win32
		{F7687E22-C13B-4649-B9AC-A34F3FDC7186}._MTdebug|Mixed Platforms.Build.0 = _MTdebug|Win32
		{F7687E22-C13B-4649-B9AC-A34F3FDC7186}._MTdebug|Win32.ActiveCfg = _MTdebug|Win32
		{F7687E22-C13B-4649-B9AC-A34F3FDC7186}._MTdebug|Win32.Build.0 = _MTdebug|Win32
		{F7687E22-C13B-4649-B9AC-A34F3FDC7186}._MTdebug|x64.ActiveCfg = _MTdebug|x64
		{F7687E22-C13B-4649-B9AC-A34F3FDC7186}._MTdebug|x64.Build.0 = _MTdebug|x64
		{F7687E22-C13B-4649-B9AC-A34F3FDC7186}._MTrelease|Mixed Platforms.ActiveCfg = _MTrelease|Win32
		{F7687E22-C13B-4649-B9AC-A34F3FDC7186}._MTrelease|Mixed Platforms.Build.0 = _MTrelease|Win32
		{F7687E22-C13B-4649-B9AC-A34F3FDC7186}._MTrelease|Win32.ActiveCfg = _MTrelease|Win32
		{F7687E22-C13B-4649-B9AC-A34F3FDC7186}._MTrelease|Win32.Build.0 = _MTrelease|Win32
		{F7687E22-C13B-4649-B9AC-A34F3FDC7186}._MTrelease|x64.ActiveCfg = _MTrelease|x64
		{F7687E22-C13B-4649-B9AC-A34F3FDC7186}._MTrelease|x64.Build.0 = _MTrelease|x64
		{F7687E22-C13B-4649-B9AC-A34F3FDC7186}.CD_ROM|Mixed Platforms.ActiveCfg = _MTd|Win32
		{F7687E22-C13B-4649-B9AC-A34F3FDC7186}.CD_ROM|Mixed Platforms.Build.0 = _MTd|Win32
		{F7687E22-C13B-4649-B9AC-A34F3FDC7186}.CD_ROM|Win32.ActiveCfg = Release|Win32
		{F7687E22-C13B-4649-B9AC-A34F3FDC7186}.CD_ROM|Win32.Build.0 = Release|Win32
		{F7687E22-C13B-4649-B9AC-A34F3FDC7186}.CD_ROM|x64.ActiveCfg = Debug|Win32
		{F7687E22-C13B-4649-B9AC-A34F3FDC7186}.Debug|Mixed Platforms.ActiveCfg = Debug|Win32
		{F7687E22-C13B-4649-B9AC-A34F3FDC7186}.Debug|Mixed Platforms.Build.0 = Debug|Win32
		{F7687E22-C13B-4649-B9AC-A34F3FDC7186}.Debug|Win32.ActiveCfg = Debug|Win32
		{F7687E22-C13B-4649-B9AC-A34F3FDC7186}.Debug|Win32.Build.0 = Debug|Win32
		{F7687E22-C13B-4649-B9AC-A34F3FDC7186}.Debug|x64.ActiveCfg = Debug|x64
		{F7687E22-C13B-4649-B9AC-A34F3FDC7186}.Debug|x64.Build.0 = Debug|x64
		{F7687E22-C13B-4649-B9AC-A34F3FDC7186}.DVD-5|Mixed Platforms.ActiveCfg = Debug|Win32
		{F7687E22-C13B-4649-B9AC-A34F3FDC7186}.DVD-5|Mixed Platforms.Build.0 = Debug|Win32
		{F7687E22-C13B-4649-B9AC-A34F3FDC7186}.DVD-5|Win32.ActiveCfg = Debug|Win32
		{F7687E22-C13B-4649-B9AC-A34F3FDC7186}.DVD-5|Win32.Build.0 = Debug|Win32
		{F7687E22-C13B-4649-B9AC-A34F3FDC7186}.DVD-5|x64.ActiveCfg = Debug|Win32
		{F7687E22-C13B-4649-B9AC-A34F3FDC7186}.MD_deb_Nov12|Mixed Platforms.ActiveCfg = MD_deb_Nov12|Win32
		{F7687E22-C13B-4649-B9AC-A34F3FDC7186}.MD_deb_Nov12|Mixed Platforms.Build.0 = MD_deb_Nov12|Win32
		{F7687E22-C13B-4649-B9AC-A34F3FDC7186}.MD_deb_Nov12|Win32.ActiveCfg = MD_deb_Nov12|Win32
		{F7687E22-C13B-4649-B9AC-A34F3FDC7186}.MD_deb_Nov12|Win32.Build.0 = MD_deb_Nov12|Win32
		{F7687E22-C13B-4649-B9AC-A34F3FDC7186}.MD_deb_Nov12|x64.ActiveCfg = MD_deb_Nov12|x64
		{F7687E22-C13B-4649-B9AC-A34F3FDC7186}.MD_deb_Nov12|x64.Build.0 = MD_deb_Nov12|x64
		{F7687E22-C13B-4649-B9AC-A34F3FDC7186}.MD_rel_Nov12|Mixed Platforms.ActiveCfg = MD_rel_Nov12|Win32
		{F7687E22-C13B-4649-B9AC-A34F3FDC7186}.MD_rel_Nov12|Mixed Platforms.Build.0 = MD_rel_Nov12|Win32
		{F7687E22-C13B-4649-B9AC-A34F3FDC7186}.MD_rel_Nov12|Win32.ActiveCfg = MD_rel_Nov12|Win32
		{F7687E22-C13B-4649-B9AC-A34F3FDC7186}.MD_rel_Nov12|Win32.Build.0 = MD_rel_Nov12|Win32
		{F7687E22-C13B-4649-B9AC-A34F3FDC7186}.MD_rel_Nov12|x64.ActiveCfg = MD_rel_Nov12|x64
		{F7687E22-C13B-4649-B9AC-A34F3FDC7186}.MD_rel_Nov12|x64.Build.0 = MD_rel_Nov12|x64
		{F7687E22-C13B-4649-B9AC-A34F3FDC7186}.MDdebug|Mixed Platforms.ActiveCfg = MDdebug|Win32
		{F7687E22-C13B-4649-B9AC-A34F3FDC7186}.MDdebug|Mixed Platforms.Build.0 = MDdebug|Win32
		{F7687E22-C13B-4649-B9AC-A34F3FDC7186}.MDdebug|Win32.ActiveCfg = MDdebug|Win32
		{F7687E22-C13B-4649-B9AC-A34F3FDC7186}.MDdebug|Win32.Build.0 = MDdebug|Win32
		{F7687E22-C13B-4649-B9AC-A34F3FDC7186}.MDdebug|x64.ActiveCfg = MDdebug|x64
		{F7687E22-C13B-4649-B9AC-A34F3FDC7186}.MDdebug|x64.Build.0 = MDdebug|x64
		{F7687E22-C13B-4649-B9AC-A34F3FDC7186}.MDrelease|Mixed Platforms.ActiveCfg = MDrelease|Win32
		{F7687E22-C13B-4649-B9AC-A34F3FDC7186}.MDrelease|Mixed Platforms.Build.0 = MDrelease|Win32
		{F7687E22-C13B-4649-B9AC-A34F3FDC7186}.MDrelease|Win32.ActiveCfg = MDrelease|Win32
		{F7687E22-C13B-4649-B9AC-A34F3FDC7186}.MDrelease|Win32.Build.0 = MDrelease|Win32
		{F7687E22-C13B-4649-B9AC-A34F3FDC7186}.MDrelease|x64.ActiveCfg = MDrelease|x64
		{F7687E22-C13B-4649-B9AC-A34F3FDC7186}.MDrelease|x64.Build.0 = MDrelease|x64
		{F7687E22-C13B-4649-B9AC-A34F3FDC7186}.MTdebug|Mixed Platforms.ActiveCfg = MTdebug|Win32
		{F7687E22-C13B-4649-B9AC-A34F3FDC7186}.MTdebug|Mixed Platforms.Build.0 = MTdebug|Win32
		{F7687E22-C13B-4649-B9AC-A34F3FDC7186}.MTdebug|Win32.ActiveCfg = MTdebug|Win32
		{F7687E22-C13B-4649-B9AC-A34F3FDC7186}.MTdebug|Win32.Build.0 = MTdebug|Win32
		{F7687E22-C13B-4649-B9AC-A34F3FDC7186}.MTdebug|x64.ActiveCfg = MTdebug|x64
		{F7687E22-C13B-4649-B9AC-A34F3FDC7186}.MTdebug|x64.Build.0 = MTdebug|x64
		{F7687E22-C13B-4649-B9AC-A34F3FDC7186}.MTdfebug|Mixed Platforms.ActiveCfg = MTdfebug|Win32
		{F7687E22-C13B-4649-B9AC-A34F3FDC7186}.MTdfebug|Mixed Platforms.Build.0 = MTdfebug|Win32
		{F7687E22-C13B-4649-B9AC-A34F3FDC7186}.MTdfebug|Win32.ActiveCfg = MTdfebug|Win32
		{F7687E22-C13B-4649-B9AC-A34F3FDC7186}.MTdfebug|Win32.Build.0 = MTdfebug|Win32
		{F7687E22-C13B-4649-B9AC-A34F3FDC7186}.MTdfebug|x64.ActiveCfg = MTdfebug|x64
		{F7687E22-C13B-4649-B9AC-A34F3FDC7186}.MTdfebug|x64.Build.0 = MTdfebug|x64
		{F7687E22-C13B-4649-B9AC-A34F3FDC7186}.MTrelease|Mixed Platforms.ActiveCfg = MTrelease|Win32
		{F7687E22-C13B-4649-B9AC-A34F3FDC7186}.MTrelease|Mixed Platforms.Build.0 = MTrelease|Win32
		{F7687E22-C13B-4649-B9AC-A34F3FDC7186}.MTrelease|Win32.ActiveCfg = MTrelease|Win32
		{F7687E22-C13B-4649-B9AC-A34F3FDC7186}.MTrelease|Win32.Build.0 = MTrelease|Win32
		{F7687E22-C13B-4649-B9AC-A34F3FDC7186}.MTrelease|x64.ActiveCfg = MTrelease|x64
		{F7687E22-C13B-4649-B9AC-A34F3FDC7186}.MTrelease|x64.Build.0 = MTrelease|x64
		{F7687E22-C13B-4649-B9AC-A34F3FDC7186}.Release|Mixed Platforms.ActiveCfg = Release|Win32
		{F7687E22-C13B-4649-B9AC-A34F3FDC7186}.Release|Mixed Platforms.Build.0 = Release|Win32
		{F7687E22-C13B-4649-B9AC-A34F3FDC7186}.Release|Win32.ActiveCfg = Release|Win32
		{F7687E22-C13B-4649-B9AC-A34F3FDC7186}.Release|Win32.Build.0 = Release|Win32
		{F7687E22-C13B-4649-B9AC-A34F3FDC7186}.Release|x64.ActiveCfg = Release|x64
		{F7687E22-C13B-4649-B9AC-A34F3FDC7186}.Release|x64.Build.0 = Release|x64
		{F7687E22-C13B-4649-B9AC-A34F3FDC7186}.SingleImage|Mixed Platforms.ActiveCfg = _MTd|Win32
		{F7687E22-C13B-4649-B9AC-A34F3FDC7186}.SingleImage|Mixed Platforms.Build.0 = _MTd|Win32
		{F7687E22-C13B-4649-B9AC-A34F3FDC7186}.SingleImage|Win32.ActiveCfg = Release|Win32
		{F7687E22-C13B-4649-B9AC-A34F3FDC7186}.SingleImage|Win32.Build.0 = Release|Win32
		{F7687E22-C13B-4649-B9AC-A34F3FDC7186}.SingleImage|x64.ActiveCfg = Debug|Win32
		{8981222C-BAB6-4B81-9CDA-57F9037E9C98}._MDdebug|Mixed Platforms.ActiveCfg = _MDdebug|Win32
		{8981222C-BAB6-4B81-9CDA-57F9037E9C98}._MDdebug|Mixed Platforms.Build.0 = _MDdebug|Win32
		{8981222C-BAB6-4B81-9CDA-57F9037E9C98}._MDdebug|Win32.ActiveCfg = _MDdebug|Win32
		{8981222C-BAB6-4B81-9CDA-57F9037E9C98}._MDdebug|Win32.Build.0 = _MDdebug|Win32
		{8981222C-BAB6-4B81-9CDA-57F9037E9C98}._MDdebug|x64.ActiveCfg = _MDdebug|x64
		{8981222C-BAB6-4B81-9CDA-57F9037E9C98}._MDdebug|x64.Build.0 = _MDdebug|x64
		{8981222C-BAB6-4B81-9CDA-57F9037E9C98}._MDrelease|Mixed Platforms.ActiveCfg = _MDrelease|Win32
		{8981222C-BAB6-4B81-9CDA-57F9037E9C98}._MDrelease|Mixed Platforms.Build.0 = _MDrelease|Win32
		{8981222C-BAB6-4B81-9CDA-57F9037E9C98}._MDrelease|Win32.ActiveCfg = _MDrelease|Win32
		{8981222C-BAB6-4B81-9CDA-57F9037E9C98}._MDrelease|Win32.Build.0 = _MDrelease|Win32
		{8981222C-BAB6-4B81-9CDA-57F9037E9C98}._MDrelease|x64.ActiveCfg = _MDrelease|x64
		{8981222C-BAB6-4B81-9CDA-57F9037E9C98}._MDrelease|x64.Build.0 = _MDrelease|x64
		{8981222C-BAB6-4B81-9CDA-57F9037E9C98}._MT|Mixed Platforms.ActiveCfg = _MT|Win32
		{8981222C-BAB6-4B81-9CDA-57F9037E9C98}._MT|Mixed Platforms.Build.0 = _MT|Win32
		{8981222C-BAB6-4B81-9CDA-57F9037E9C98}._MT|Win32.ActiveCfg = _MT|Win32
		{8981222C-BAB6-4B81-9CDA-57F9037E9C98}._MT|Win32.Build.0 = _MT|Win32
		{8981222C-BAB6-4B81-9CDA-57F9037E9C98}._MT|x64.ActiveCfg = _MT|x64
		{8981222C-BAB6-4B81-9CDA-57F9037E9C98}._MT|x64.Build.0 = _MT|x64
		{8981222C-BAB6-4B81-9CDA-57F9037E9C98}._MTd|Mixed Platforms.ActiveCfg = _MTd|Win32
		{8981222C-BAB6-4B81-9CDA-57F9037E9C98}._MTd|Mixed Platforms.Build.0 = _MTd|Win32
		{8981222C-BAB6-4B81-9CDA-57F9037E9C98}._MTd|Win32.ActiveCfg = _MTd|Win32
		{8981222C-BAB6-4B81-9CDA-57F9037E9C98}._MTd|Win32.Build.0 = _MTd|Win32
		{8981222C-BAB6-4B81-9CDA-57F9037E9C98}._MTd|x64.ActiveCfg = _MTd|x64
		{8981222C-BAB6-4B81-9CDA-57F9037E9C98}._MTd|x64.Build.0 = _MTd|x64
		{8981222C-BAB6-4B81-9CDA-57F9037E9C98}._MTdebug|Mixed Platforms.ActiveCfg = _MTdebug|Win32
		{8981222C-BAB6-4B81-9CDA-57F9037E9C98}._MTdebug|Mixed Platforms.Build.0 = _MTdebug|Win32
		{8981222C-BAB6-4B81-9CDA-57F9037E9C98}._MTdebug|Win32.ActiveCfg = _MTdebug|Win32
		{8981222C-BAB6-4B81-9CDA-57F9037E9C98}._MTdebug|Win32.Build.0 = _MTdebug|Win32
		{8981222C-BAB6-4B81-9CDA-57F9037E9C98}._MTdebug|x64.ActiveCfg = _MTdebug|x64
		{8981222C-BAB6-4B81-9CDA-57F9037E9C98}._MTdebug|x64.Build.0 = _MTdebug|x64
		{8981222C-BAB6-4B81-9CDA-57F9037E9C98}._MTrelease|Mixed Platforms.ActiveCfg = _MTrelease|Win32
		{8981222C-BAB6-4B81-9CDA-57F9037E9C98}._MTrelease|Mixed Platforms.Build.0 = _MTrelease|Win32
		{8981222C-BAB6-4B81-9CDA-57F9037E9C98}._MTrelease|Win32.ActiveCfg = _MTrelease|Win32
		{8981222C-BAB6-4B81-9CDA-57F9037E9C98}._MTrelease|Win32.Build.0 = _MTrelease|Win32
		{8981222C-BAB6-4B81-9CDA-57F9037E9C98}._MTrelease|x64.ActiveCfg = _MTrelease|x64
		{8981222C-BAB6-4B81-9CDA-57F9037E9C98}._MTrelease|x64.Build.0 = _MTrelease|x64
		{8981222C-BAB6-4B81-9CDA-57F9037E9C98}.CD_ROM|Mixed Platforms.ActiveCfg = _MTd|Win32
		{8981222C-BAB6-4B81-9CDA-57F9037E9C98}.CD_ROM|Mixed Platforms.Build.0 = _MTd|Win32
		{8981222C-BAB6-4B81-9CDA-57F9037E9C98}.CD_ROM|Win32.ActiveCfg = Release|Win32
		{8981222C-BAB6-4B81-9CDA-57F9037E9C98}.CD_ROM|Win32.Build.0 = Release|Win32
		{8981222C-BAB6-4B81-9CDA-57F9037E9C98}.CD_ROM|x64.ActiveCfg = Debug|Win32
		{8981222C-BAB6-4B81-9CDA-57F9037E9C98}.Debug|Mixed Platforms.ActiveCfg = Debug|Win32
		{8981222C-BAB6-4B81-9CDA-57F9037E9C98}.Debug|Mixed Platforms.Build.0 = Debug|Win32
		{8981222C-BAB6-4B81-9CDA-57F9037E9C98}.Debug|Win32.ActiveCfg = Debug|Win32
		{8981222C-BAB6-4B81-9CDA-57F9037E9C98}.Debug|Win32.Build.0 = Debug|Win32
		{8981222C-BAB6-4B81-9CDA-57F9037E9C98}.Debug|x64.ActiveCfg = Debug|x64
		{8981222C-BAB6-4B81-9CDA-57F9037E9C98}.Debug|x64.Build.0 = Debug|x64
		{8981222C-BAB6-4B81-9CDA-57F9037E9C98}.DVD-5|Mixed Platforms.ActiveCfg = Debug|Win32
		{8981222C-BAB6-4B81-9CDA-57F9037E9C98}.DVD-5|Mixed Platforms.Build.0 = Debug|Win32
		{8981222C-BAB6-4B81-9CDA-57F9037E9C98}.DVD-5|Win32.ActiveCfg = Debug|Win32
		{8981222C-BAB6-4B81-9CDA-57F9037E9C98}.DVD-5|Win32.Build.0 = Debug|Win32
		{8981222C-BAB6-4B81-9CDA-57F9037E9C98}.DVD-5|x64.ActiveCfg = Debug|Win32
		{8981222C-BAB6-4B81-9CDA-57F9037E9C98}.MD_deb_Nov12|Mixed Platforms.ActiveCfg = MD_deb_Nov12|Win32
		{8981222C-BAB6-4B81-9CDA-57F9037E9C98}.MD_deb_Nov12|Mixed Platforms.Build.0 = MD_deb_Nov12|Win32
		{8981222C-BAB6-4B81-9CDA-57F9037E9C98}.MD_deb_Nov12|Win32.ActiveCfg = MD_deb_Nov12|Win32
		{8981222C-BAB6-4B81-9CDA-57F9037E9C98}.MD_deb_Nov12|Win32.Build.0 = MD_deb_Nov12|Win32
		{8981222C-BAB6-4B81-9CDA-57F9037E9C98}.MD_deb_Nov12|x64.ActiveCfg = MD_deb_Nov12|x64
		{8981222C-BAB6-4B81-9CDA-57F9037E9C98}.MD_deb_Nov12|x64.Build.0 = MD_deb_Nov12|x64
		{8981222C-BAB6-4B81-9CDA-57F9037E9C98}.MD_rel_Nov12|Mixed Platforms.ActiveCfg = MD_rel_Nov12|Win32
		{8981222C-BAB6-4B81-9CDA-57F9037E9C98}.MD_rel_Nov12|Mixed Platforms.Build.0 = MD_rel_Nov12|Win32
		{8981222C-BAB6-4B81-9CDA-57F9037E9C98}.MD_rel_Nov12|Win32.ActiveCfg = MD_rel_Nov12|Win32
		{8981222C-BAB6-4B81-9CDA-57F9037E9C98}.MD_rel_Nov12|Win32.Build.0 = MD_rel_Nov12|Win32
		{8981222C-BAB6-4B81-9CDA-57F9037E9C98}.MD_rel_Nov12|x64.ActiveCfg = MD_rel_Nov12|x64
		{8981222C-BAB6-4B81-9CDA-57F9037E9C98}.MD_rel_Nov12|x64.Build.0 = MD_rel_Nov12|x64
		{8981222C-BAB6-4B81-9CDA-57F9037E9C98}.MDdebug|Mixed Platforms.ActiveCfg = MDdebug|Win32
		{8981222C-BAB6-4B81-9CDA-57F9037E9C98}.MDdebug|Mixed Platforms.Build.0 = MDdebug|Win32
		{8981222C-BAB6-4B81-9CDA-57F9037E9C98}.MDdebug|Win32.ActiveCfg = MDdebug|Win32
		{8981222C-BAB6-4B81-9CDA-57F9037E9C98}.MDdebug|Win32.Build.0 = MDdebug|Win32
		{8981222C-BAB6-4B81-9CDA-57F9037E9C98}.MDdebug|x64.ActiveCfg = MDdebug|x64
		{8981222C-BAB6-4B81-9CDA-57F9037E9C98}.MDdebug|x64.Build.0 = MDdebug|x64
		{8981222C-BAB6-4B81-9CDA-57F9037E9C98}.MDrelease|Mixed Platforms.ActiveCfg = MDrelease|Win32
		{8981222C-BAB6-4B81-9CDA-57F9037E9C98}.MDrelease|Mixed Platforms.Build.0 = MDrelease|Win32
		{8981222C-BAB6-4B81-9CDA-57F9037E9C98}.MDrelease|Win32.ActiveCfg = MDrelease|Win32
		{8981222C-BAB6-4B81-9CDA-57F9037E9C98}.MDrelease|Win32.Build.0 = MDrelease|Win32
		{8981222C-BAB6-4B81-9CDA-57F9037E9C98}.MDrelease|x64.ActiveCfg = MDrelease|x64
		{8981222C-BAB6-4B81-9CDA-57F9037E9C98}.MDrelease|x64.Build.0 = MDrelease|x64
		{8981222C-BAB6-4B81-9CDA-57F9037E9C98}.MTdebug|Mixed Platforms.ActiveCfg = MTdebug|Win32
		{8981222C-BAB6-4B81-9CDA-57F9037E9C98}.MTdebug|Mixed Platforms.Build.0 = MTdebug|Win32
		{8981222C-BAB6-4B81-9CDA-57F9037E9C98}.MTdebug|Win32.ActiveCfg = MTdebug|Win32
		{8981222C-BAB6-4B81-9CDA-57F9037E9C98}.MTdebug|Win32.Build.0 = MTdebug|Win32
		{8981222C-BAB6-4B81-9CDA-57F9037E9C98}.MTdebug|x64.ActiveCfg = MTdebug|x64
		{8981222C-BAB6-4B81-9CDA-57F9037E9C98}.MTdebug|x64.Build.0 = MTdebug|x64
		{8981222C-BAB6-4B81-9CDA-57F9037E9C98}.MTdfebug|Mixed Platforms.ActiveCfg = MTdfebug|Win32
		{8981222C-BAB6-4B81-9CDA-57F9037E9C98}.MTdfebug|Mixed Platforms.Build.0 = MTdfebug|Win32
		{8981222C-BAB6-4B81-9CDA-57F9037E9C98}.MTdfebug|Win32.ActiveCfg = MTdfebug|Win32
		{8981222C-BAB6-4B81-9CDA-57F9037E9C98}.MTdfebug|Win32.Build.0 = MTdfebug|Win32
		{8981222C-BAB6-4B81-9CDA-57F9037E9C98}.MTdfebug|x64.ActiveCfg = MTdfebug|x64
		{8981222C-BAB6-4B81-9CDA-57F9037E9C98}.MTdfebug|x64.Build.0 = MTdfebug|x64
		{8981222C-BAB6-4B81-9CDA-57F9037E9C98}.MTrelease|Mixed Platforms.ActiveCfg = MTrelease|Win32
		{8981222C-BAB6-4B81-9CDA-57F9037E9C98}.MTrelease|Mixed Platforms.Build.0 = MTrelease|Win32
		{8981222C-BAB6-4B81-9CDA-57F9037E9C98}.MTrelease|Win32.ActiveCfg = MTrelease|Win32
		{8981222C-BAB6-4B81-9CDA-57F9037E9C98}.MTrelease|Win32.Build.0 = MTrelease|Win32
		{8981222C-BAB6-4B81-9CDA-57F9037E9C98}.MTrelease|x64.ActiveCfg = MTrelease|x64
		{8981222C-BAB6-4B81-9CDA-57F9037E9C98}.MTrelease|x64.Build.0 = MTrelease|x64
		{8981222C-BAB6-4B81-9CDA-57F9037E9C98}.Release|Mixed Platforms.ActiveCfg = Release|Win32
		{8981222C-BAB6-4B81-9CDA-57F9037E9C98}.Release|Mixed Platforms.Build.0 = Release|Win32
		{8981222C-BAB6-4B81-9CDA-57F9037E9C98}.Release|Win32.ActiveCfg = Release|Win32
		{8981222C-BAB6-4B81-9CDA-57F9037E9C98}.Release|Win32.Build.0 = Release|Win32
		{8981222C-BAB6-4B81-9CDA-57F9037E9C98}.Release|x64.ActiveCfg = Release|x64
		{8981222C-BAB6-4B81-9CDA-57F9037E9C98}.Release|x64.Build.0 = Release|x64
		{8981222C-BAB6-4B81-9CDA-57F9037E9C98}.SingleImage|Mixed Platforms.ActiveCfg = _MTd|Win32
		{8981222C-BAB6-4B81-9CDA-57F9037E9C98}.SingleImage|Mixed Platforms.Build.0 = _MTd|Win32
		{8981222C-BAB6-4B81-9CDA-57F9037E9C98}.SingleImage|Win32.ActiveCfg = Release|Win32
		{8981222C-BAB6-4B81-9CDA-57F9037E9C98}.SingleImage|Win32.Build.0 = Release|Win32
		{8981222C-BAB6-4B81-9CDA-57F9037E9C98}.SingleImage|x64.ActiveCfg = Debug|Win32
		{3978BFA1-CA1C-4326-A1A4-FD6201F5B170}._MDdebug|Mixed Platforms.ActiveCfg = _MDdebug|Win32
		{3978BFA1-CA1C-4326-A1A4-FD6201F5B170}._MDdebug|Mixed Platforms.Build.0 = _MDdebug|Win32
		{3978BFA1-CA1C-4326-A1A4-FD6201F5B170}._MDdebug|Win32.ActiveCfg = _MDdebug|Win32
		{3978BFA1-CA1C-4326-A1A4-FD6201F5B170}._MDdebug|Win32.Build.0 = _MDdebug|Win32
		{3978BFA1-CA1C-4326-A1A4-FD6201F5B170}._MDdebug|x64.ActiveCfg = _MDdebug|x64
		{3978BFA1-CA1C-4326-A1A4-FD6201F5B170}._MDdebug|x64.Build.0 = _MDdebug|x64
		{3978BFA1-CA1C-4326-A1A4-FD6201F5B170}._MDrelease|Mixed Platforms.ActiveCfg = _MDrelease|Win32
		{3978BFA1-CA1C-4326-A1A4-FD6201F5B170}._MDrelease|Mixed Platforms.Build.0 = _MDrelease|Win32
		{3978BFA1-CA1C-4326-A1A4-FD6201F5B170}._MDrelease|Win32.ActiveCfg = _MDrelease|Win32
		{3978BFA1-CA1C-4326-A1A4-FD6201F5B170}._MDrelease|Win32.Build.0 = _MDrelease|Win32
		{3978BFA1-CA1C-4326-A1A4-FD6201F5B170}._MDrelease|x64.ActiveCfg = _MDrelease|x64
		{3978BFA1-CA1C-4326-A1A4-FD6201F5B170}._MDrelease|x64.Build.0 = _MDrelease|x64
		{3978BFA1-CA1C-4326-A1A4-FD6201F5B170}._MT|Mixed Platforms.ActiveCfg = _MT|Win32
		{3978BFA1-CA1C-4326-A1A4-FD6201F5B170}._MT|Mixed Platforms.Build.0 = _MT|Win32
		{3978BFA1-CA1C-4326-A1A4-FD6201F5B170}._MT|Win32.ActiveCfg = _MT|Win32
		{3978BFA1-CA1C-4326-A1A4-FD6201F5B170}._MT|Win32.Build.0 = _MT|Win32
		{3978BFA1-CA1C-4326-A1A4-FD6201F5B170}._MT|x64.ActiveCfg = _MT|x64
		{3978BFA1-CA1C-4326-A1A4-FD6201F5B170}._MT|x64.Build.0 = _MT|x64
		{3978BFA1-CA1C-4326-A1A4-FD6201F5B170}._MTd|Mixed Platforms.ActiveCfg = _MTd|Win32
		{3978BFA1-CA1C-4326-A1A4-FD6201F5B170}._MTd|Mixed Platforms.Build.0 = _MTd|Win32
		{3978BFA1-CA1C-4326-A1A4-FD6201F5B170}._MTd|Win32.ActiveCfg = _MTd|Win32
		{3978BFA1-CA1C-4326-A1A4-FD6201F5B170}._MTd|Win32.Build.0 = _MTd|Win32
		{3978BFA1-CA1C-4326-A1A4-FD6201F5B170}._MTd|x64.ActiveCfg = _MTd|x64
		{3978BFA1-CA1C-4326-A1A4-FD6201F5B170}._MTd|x64.Build.0 = _MTd|x64
		{3978BFA1-CA1C-4326-A1A4-FD6201F5B170}._MTdebug|Mixed Platforms.ActiveCfg = _MTdebug|Win32
		{3978BFA1-CA1C-4326-A1A4-FD6201F5B170}._MTdebug|Mixed Platforms.Build.0 = _MTdebug|Win32
		{3978BFA1-CA1C-4326-A1A4-FD6201F5B170}._MTdebug|Win32.ActiveCfg = _MTdebug|Win32
		{3978BFA1-CA1C-4326-A1A4-FD6201F5B170}._MTdebug|Win32.Build.0 = _MTdebug|Win32
		{3978BFA1-CA1C-4326-A1A4-FD6201F5B170}._MTdebug|x64.ActiveCfg = _MTdebug|x64
		{3978BFA1-CA1C-4326-A1A4-FD6201F5B170}._MTdebug|x64.Build.0 = _MTdebug|x64
		{3978BFA1-CA1C-4326-A1A4-FD6201F5B170}._MTrelease|Mixed Platforms.ActiveCfg = _MTrelease|Win32
		{3978BFA1-CA1C-4326-A1A4-FD6201F5B170}._MTrelease|Mixed Platforms.Build.0 = _MTrelease|Win32
		{3978BFA1-CA1C-4326-A1A4-FD6201F5B170}._MTrelease|Win32.ActiveCfg = _MTrelease|Win32
		{3978BFA1-CA1C-4326-A1A4-FD6201F5B170}._MTrelease|Win32.Build.0 = _MTrelease|Win32
		{3978BFA1-CA1C-4326-A1A4-FD6201F5B170}._MTrelease|x64.ActiveCfg = _MTrelease|x64
		{3978BFA1-CA1C-4326-A1A4-FD6201F5B170}._MTrelease|x64.Build.0 = _MTrelease|x64
		{3978BFA1-CA1C-4326-A1A4-FD6201F5B170}.CD_ROM|Mixed Platforms.ActiveCfg = _MTd|Win32
		{3978BFA1-CA1C-4326-A1A4-FD6201F5B170}.CD_ROM|Mixed Platforms.Build.0 = _MTd|Win32
		{3978BFA1-CA1C-4326-A1A4-FD6201F5B170}.CD_ROM|Win32.ActiveCfg = Release|Win32
		{3978BFA1-CA1C-4326-A1A4-FD6201F5B170}.CD_ROM|Win32.Build.0 = Release|Win32
		{3978BFA1-CA1C-4326-A1A4-FD6201F5B170}.CD_ROM|x64.ActiveCfg = Debug|Win32
		{3978BFA1-CA1C-4326-A1A4-FD6201F5B170}.Debug|Mixed Platforms.ActiveCfg = Debug|Win32
		{3978BFA1-CA1C-4326-A1A4-FD6201F5B170}.Debug|Mixed Platforms.Build.0 = Debug|Win32
		{3978BFA1-CA1C-4326-A1A4-FD6201F5B170}.Debug|Win32.ActiveCfg = Debug|Win32
		{3978BFA1-CA1C-4326-A1A4-FD6201F5B170}.Debug|Win32.Build.0 = Debug|Win32
		{3978BFA1-CA1C-4326-A1A4-FD6201F5B170}.Debug|x64.ActiveCfg = Debug|x64
		{3978BFA1-CA1C-4326-A1A4-FD6201F5B170}.Debug|x64.Build.0 = Debug|x64
		{3978BFA1-CA1C-4326-A1A4-FD6201F5B170}.DVD-5|Mixed Platforms.ActiveCfg = Debug|Win32
		{3978BFA1-CA1C-4326-A1A4-FD6201F5B170}.DVD-5|Mixed Platforms.Build.0 = Debug|Win32
		{3978BFA1-CA1C-4326-A1A4-FD6201F5B170}.DVD-5|Win32.ActiveCfg = Debug|Win32
		{3978BFA1-CA1C-4326-A1A4-FD6201F5B170}.DVD-5|Win32.Build.0 = Debug|Win32
		{3978BFA1-CA1C-4326-A1A4-FD6201F5B170}.DVD-5|x64.ActiveCfg = Debug|Win32
		{3978BFA1-CA1C-4326-A1A4-FD6201F5B170}.MD_deb_Nov12|Mixed Platforms.ActiveCfg = MD_deb_Nov12|Win32
		{3978BFA1-CA1C-4326-A1A4-FD6201F5B170}.MD_deb_Nov12|Mixed Platforms.Build.0 = MD_deb_Nov12|Win32
		{3978BFA1-CA1C-4326-A1A4-FD6201F5B170}.MD_deb_Nov12|Win32.ActiveCfg = MD_deb_Nov12|Win32
		{3978BFA1-CA1C-4326-A1A4-FD6201F5B170}.MD_deb_Nov12|Win32.Build.0 = MD_deb_Nov12|Win32
		{3978BFA1-CA1C-4326-A1A4-FD6201F5B170}.MD_deb_Nov12|x64.ActiveCfg = MD_deb_Nov12|x64
		{3978BFA1-CA1C-4326-A1A4-FD6201F5B170}.MD_deb_Nov12|x64.Build.0 = MD_deb_Nov12|x64
		{3978BFA1-CA1C-4326-A1A4-FD6201F5B170}.MD_rel_Nov12|Mixed Platforms.ActiveCfg = MD_rel_Nov12|Win32
		{3978BFA1-CA1C-4326-A1A4-FD6201F5B170}.MD_rel_Nov12|Mixed Platforms.Build.0 = MD_rel_Nov12|Win32
		{3978BFA1-CA1C-4326-A1A4-FD6201F5B170}.MD_rel_Nov12|Win32.ActiveCfg = MD_rel_Nov12|Win32
		{3978BFA1-CA1C-4326-A1A4-FD6201F5B170}.MD_rel_Nov12|Win32.Build.0 = MD_rel_Nov12|Win32
		{3978BFA1-CA1C-4326-A1A4-FD6201F5B170}.MD_rel_Nov12|x64.ActiveCfg = MD_rel_Nov12|x64
		{3978BFA1-CA1C-4326-A1A4-FD6201F5B170}.MD_rel_Nov12|x64.Build.0 = MD_rel_Nov12|x64
		{3978BFA1-CA1C-4326-A1A4-FD6201F5B170}.MDdebug|Mixed Platforms.ActiveCfg = MDdebug|Win32
		{3978BFA1-CA1C-4326-A1A4-FD6201F5B170}.MDdebug|Mixed Platforms.Build.0 = MDdebug|Win32
		{3978BFA1-CA1C-4326-A1A4-FD6201F5B170}.MDdebug|Win32.ActiveCfg = MDdebug|Win32
		{3978BFA1-CA1C-4326-A1A4-FD6201F5B170}.MDdebug|Win32.Build.0 = MDdebug|Win32
		{3978BFA1-CA1C-4326-A1A4-FD6201F5B170}.MDdebug|x64.ActiveCfg = MDdebug|x64
		{3978BFA1-CA1C-4326-A1A4-FD6201F5B170}.MDdebug|x64.Build.0 = MDdebug|x64
		{3978BFA1-CA1C-4326-A1A4-FD6201F5B170}.MDrelease|Mixed Platforms.ActiveCfg = MDrelease|Win32
		{3978BFA1-CA1C-4326-A1A4-FD6201F5B170}.MDrelease|Mixed Platforms.Build.0 = MDrelease|Win32
		{3978BFA1-CA1C-4326-A1A4-FD6201F5B170}.MDrelease|Win32.ActiveCfg = MDrelease|Win32
		{3978BFA1-CA1C-4326-A1A4-FD6201F5B170}.MDrelease|Win32.Build.0 = MDrelease|Win32
		{3978BFA1-CA1C-4326-A1A4-FD6201F5B170}.MDrelease|x64.ActiveCfg = MDrelease|x64
		{3978BFA1-CA1C-4326-A1A4-FD6201F5B170}.MDrelease|x64.Build.0 = MDrelease|x64
		{3978BFA1-CA1C-4326-A1A4-FD6201F5B170}.MTdebug|Mixed Platforms.ActiveCfg = MTdebug|Win32
		{3978BFA1-CA1C-4326-A1A4-FD6201F5B170}.MTdebug|Mixed Platforms.Build.0 = MTdebug|Win32
		{3978BFA1-CA1C-4326-A1A4-FD6201F5B170}.MTdebug|Win32.ActiveCfg = MTdebug|Win32
		{3978BFA1-CA1C-4326-A1A4-FD6201F5B170}.MTdebug|x64.ActiveCfg = MTdebug|x64
		{3978BFA1-CA1C-4326-A1A4-FD6201F5B170}.MTdfebug|Mixed Platforms.ActiveCfg = MTdfebug|Win32
		{3978BFA1-CA1C-4326-A1A4-FD6201F5B170}.MTdfebug|Mixed Platforms.Build.0 = MTdfebug|Win32
		{3978BFA1-CA1C-4326-A1A4-FD6201F5B170}.MTdfebug|Win32.ActiveCfg = MTdfebug|Win32
		{3978BFA1-CA1C-4326-A1A4-FD6201F5B170}.MTdfebug|Win32.Build.0 = MTdfebug|Win32
		{3978BFA1-CA1C-4326-A1A4-FD6201F5B170}.MTdfebug|x64.ActiveCfg = MTdfebug|x64
		{3978BFA1-CA1C-4326-A1A4-FD6201F5B170}.MTdfebug|x64.Build.0 = MTdfebug|x64
		{3978BFA1-CA1C-4326-A1A4-FD6201F5B170}.MTrelease|Mixed Platforms.ActiveCfg = MTrelease|Win32
		{3978BFA1-CA1C-4326-A1A4-FD6201F5B170}.MTrelease|Mixed Platforms.Build.0 = MTrelease|Win32
		{3978BFA1-CA1C-4326-A1A4-FD6201F5B170}.MTrelease|Win32.ActiveCfg = MTrelease|Win32
		{3978BFA1-CA1C-4326-A1A4-FD6201F5B170}.MTrelease|x64.ActiveCfg = MTrelease|x64
		{3978BFA1-CA1C-4326-A1A4-FD6201F5B170}.Release|Mixed Platforms.ActiveCfg = Release|Win32
		{3978BFA1-CA1C-4326-A1A4-FD6201F5B170}.Release|Mixed Platforms.Build.0 = Release|Win32
		{3978BFA1-CA1C-4326-A1A4-FD6201F5B170}.Release|Win32.ActiveCfg = Release|Win32
		{3978BFA1-CA1C-4326-A1A4-FD6201F5B170}.Release|Win32.Build.0 = Release|Win32
		{3978BFA1-CA1C-4326-A1A4-FD6201F5B170}.Release|x64.ActiveCfg = Release|x64
		{3978BFA1-CA1C-4326-A1A4-FD6201F5B170}.Release|x64.Build.0 = Release|x64
		{3978BFA1-CA1C-4326-A1A4-FD6201F5B170}.SingleImage|Mixed Platforms.ActiveCfg = _MTd|Win32
		{3978BFA1-CA1C-4326-A1A4-FD6201F5B170}.SingleImage|Mixed Platforms.Build.0 = _MTd|Win32
		{3978BFA1-CA1C-4326-A1A4-FD6201F5B170}.SingleImage|Win32.ActiveCfg = Release|Win32
		{3978BFA1-CA1C-4326-A1A4-FD6201F5B170}.SingleImage|Win32.Build.0 = Release|Win32
		{3978BFA1-CA1C-4326-A1A4-FD6201F5B170}.SingleImage|x64.ActiveCfg = Debug|Win32
		{F9DA641C-B7C6-44F1-BC0F-27289F435442}._MDdebug|Mixed Platforms.ActiveCfg = _MDdebug|Win32
		{F9DA641C-B7C6-44F1-BC0F-27289F435442}._MDdebug|Mixed Platforms.Build.0 = _MDdebug|Win32
		{F9DA641C-B7C6-44F1-BC0F-27289F435442}._MDdebug|Win32.ActiveCfg = _MDdebug|Win32
		{F9DA641C-B7C6-44F1-BC0F-27289F435442}._MDdebug|Win32.Build.0 = _MDdebug|Win32
		{F9DA641C-B7C6-44F1-BC0F-27289F435442}._MDdebug|x64.ActiveCfg = _MDdebug|x64
		{F9DA641C-B7C6-44F1-BC0F-27289F435442}._MDdebug|x64.Build.0 = _MDdebug|x64
		{F9DA641C-B7C6-44F1-BC0F-27289F435442}._MDrelease|Mixed Platforms.ActiveCfg = _MDrelease|Win32
		{F9DA641C-B7C6-44F1-BC0F-27289F435442}._MDrelease|Mixed Platforms.Build.0 = _MDrelease|Win32
		{F9DA641C-B7C6-44F1-BC0F-27289F435442}._MDrelease|Win32.ActiveCfg = _MDrelease|Win32
		{F9DA641C-B7C6-44F1-BC0F-27289F435442}._MDrelease|Win32.Build.0 = _MDrelease|Win32
		{F9DA641C-B7C6-44F1-BC0F-27289F435442}._MDrelease|x64.ActiveCfg = _MDrelease|x64
		{F9DA641C-B7C6-44F1-BC0F-27289F435442}._MDrelease|x64.Build.0 = _MDrelease|x64
		{F9DA641C-B7C6-44F1-BC0F-27289F435442}._MT|Mixed Platforms.ActiveCfg = _MT|Win32
		{F9DA641C-B7C6-44F1-BC0F-27289F435442}._MT|Mixed Platforms.Build.0 = _MT|Win32
		{F9DA641C-B7C6-44F1-BC0F-27289F435442}._MT|Win32.ActiveCfg = _MT|Win32
		{F9DA641C-B7C6-44F1-BC0F-27289F435442}._MT|Win32.Build.0 = _MT|Win32
		{F9DA641C-B7C6-44F1-BC0F-27289F435442}._MT|x64.ActiveCfg = _MT|x64
		{F9DA641C-B7C6-44F1-BC0F-27289F435442}._MT|x64.Build.0 = _MT|x64
		{F9DA641C-B7C6-44F1-BC0F-27289F435442}._MTd|Mixed Platforms.ActiveCfg = _MTd|Win32
		{F9DA641C-B7C6-44F1-BC0F-27289F435442}._MTd|Mixed Platforms.Build.0 = _MTd|Win32
		{F9DA641C-B7C6-44F1-BC0F-27289F435442}._MTd|Win32.ActiveCfg = _MTd|Win32
		{F9DA641C-B7C6-44F1-BC0F-27289F435442}._MTd|Win32.Build.0 = _MTd|Win32
		{F9DA641C-B7C6-44F1-BC0F-27289F435442}._MTd|x64.ActiveCfg = _MTd|x64
		{F9DA641C-B7C6-44F1-BC0F-27289F435442}._MTd|x64.Build.0 = _MTd|x64
		{F9DA641C-B7C6-44F1-BC0F-27289F435442}._MTdebug|Mixed Platforms.ActiveCfg = _MTdebug|Win32
		{F9DA641C-B7C6-44F1-BC0F-27289F435442}._MTdebug|Mixed Platforms.Build.0 = _MTdebug|Win32
		{F9DA641C-B7C6-44F1-BC0F-27289F435442}._MTdebug|Win32.ActiveCfg = _MTdebug|Win32
		{F9DA641C-B7C6-44F1-BC0F-27289F435442}._MTdebug|Win32.Build.0 = _MTdebug|Win32
		{F9DA641C-B7C6-44F1-BC0F-27289F435442}._MTdebug|x64.ActiveCfg = _MTdebug|x64
		{F9DA641C-B7C6-44F1-BC0F-27289F435442}._MTdebug|x64.Build.0 = _MTdebug|x64
		{F9DA641C-B7C6-44F1-BC0F-27289F435442}._MTrelease|Mixed Platforms.ActiveCfg = _MTrelease|Win32
		{F9DA641C-B7C6-44F1-BC0F-27289F435442}._MTrelease|Mixed Platforms.Build.0 = _MTrelease|Win32
		{F9DA641C-B7C6-44F1-BC0F-27289F435442}._MTrelease|Win32.ActiveCfg = _MTrelease|Win32
		{F9DA641C-B7C6-44F1-BC0F-27289F435442}._MTrelease|Win32.Build.0 = _MTrelease|Win32
		{F9DA641C-B7C6-44F1-BC0F-27289F435442}._MTrelease|x64.ActiveCfg = _MTrelease|x64
		{F9DA641C-B7C6-44F1-BC0F-27289F435442}._MTrelease|x64.Build.0 = _MTrelease|x64
		{F9DA641C-B7C6-44F1-BC0F-27289F435442}.CD_ROM|Mixed Platforms.ActiveCfg = _MTd|Win32
		{F9DA641C-B7C6-44F1-BC0F-27289F435442}.CD_ROM|Mixed Platforms.Build.0 = _MTd|Win32
		{F9DA641C-B7C6-44F1-BC0F-27289F435442}.CD_ROM|Win32.ActiveCfg = Release|Win32
		{F9DA641C-B7C6-44F1-BC0F-27289F435442}.CD_ROM|Win32.Build.0 = Release|Win32
		{F9DA641C-B7C6-44F1-BC0F-27289F435442}.CD_ROM|x64.ActiveCfg = Debug|Win32
		{F9DA641C-B7C6-44F1-BC0F-27289F435442}.Debug|Mixed Platforms.ActiveCfg = Debug|Win32
		{F9DA641C-B7C6-44F1-BC0F-27289F435442}.Debug|Mixed Platforms.Build.0 = Debug|Win32
		{F9DA641C-B7C6-44F1-BC0F-27289F435442}.Debug|Win32.ActiveCfg = Debug|Win32
		{F9DA641C-B7C6-44F1-BC0F-27289F435442}.Debug|Win32.Build.0 = Debug|Win32
		{F9DA641C-B7C6-44F1-BC0F-27289F435442}.Debug|x64.ActiveCfg = Debug|x64
		{F9DA641C-B7C6-44F1-BC0F-27289F435442}.Debug|x64.Build.0 = Debug|x64
		{F9DA641C-B7C6-44F1-BC0F-27289F435442}.DVD-5|Mixed Platforms.ActiveCfg = Debug|Win32
		{F9DA641C-B7C6-44F1-BC0F-27289F435442}.DVD-5|Mixed Platforms.Build.0 = Debug|Win32
		{F9DA641C-B7C6-44F1-BC0F-27289F435442}.DVD-5|Win32.ActiveCfg = Debug|Win32
		{F9DA641C-B7C6-44F1-BC0F-27289F435442}.DVD-5|Win32.Build.0 = Debug|Win32
		{F9DA641C-B7C6-44F1-BC0F-27289F435442}.DVD-5|x64.ActiveCfg = Debug|Win32
		{F9DA641C-B7C6-44F1-BC0F-27289F435442}.MD_deb_Nov12|Mixed Platforms.ActiveCfg = MD_deb_Nov12|Win32
		{F9DA641C-B7C6-44F1-BC0F-27289F435442}.MD_deb_Nov12|Mixed Platforms.Build.0 = MD_deb_Nov12|Win32
		{F9DA641C-B7C6-44F1-BC0F-27289F435442}.MD_deb_Nov12|Win32.ActiveCfg = MD_deb_Nov12|Win32
		{F9DA641C-B7C6-44F1-BC0F-27289F435442}.MD_deb_Nov12|Win32.Build.0 = MD_deb_Nov12|Win32
		{F9DA641C-B7C6-44F1-BC0F-27289F435442}.MD_deb_Nov12|x64.ActiveCfg = MD_deb_Nov12|x64
		{F9DA641C-B7C6-44F1-BC0F-27289F435442}.MD_deb_Nov12|x64.Build.0 = MD_deb_Nov12|x64
		{F9DA641C-B7C6-44F1-BC0F-27289F435442}.MD_rel_Nov12|Mixed Platforms.ActiveCfg = MD_rel_Nov12|Win32
		{F9DA641C-B7C6-44F1-BC0F-27289F435442}.MD_rel_Nov12|Mixed Platforms.Build.0 = MD_rel_Nov12|Win32
		{F9DA641C-B7C6-44F1-BC0F-27289F435442}.MD_rel_Nov12|Win32.ActiveCfg = MD_rel_Nov12|Win32
		{F9DA641C-B7C6-44F1-BC0F-27289F435442}.MD_rel_Nov12|Win32.Build.0 = MD_rel_Nov12|Win32
		{F9DA641C-B7C6-44F1-BC0F-27289F435442}.MD_rel_Nov12|x64.ActiveCfg = MD_rel_Nov12|x64
		{F9DA641C-B7C6-44F1-BC0F-27289F435442}.MD_rel_Nov12|x64.Build.0 = MD_rel_Nov12|x64
		{F9DA641C-B7C6-44F1-BC0F-27289F435442}.MDdebug|Mixed Platforms.ActiveCfg = MDdebug|Win32
		{F9DA641C-B7C6-44F1-BC0F-27289F435442}.MDdebug|Mixed Platforms.Build.0 = MDdebug|Win32
		{F9DA641C-B7C6-44F1-BC0F-27289F435442}.MDdebug|Win32.ActiveCfg = MDdebug|Win32
		{F9DA641C-B7C6-44F1-BC0F-27289F435442}.MDdebug|Win32.Build.0 = MDdebug|Win32
		{F9DA641C-B7C6-44F1-BC0F-27289F435442}.MDdebug|x64.ActiveCfg = MDdebug|x64
		{F9DA641C-B7C6-44F1-BC0F-27289F435442}.MDdebug|x64.Build.0 = MDdebug|x64
		{F9DA641C-B7C6-44F1-BC0F-27289F435442}.MDrelease|Mixed Platforms.ActiveCfg = MDrelease|Win32
		{F9DA641C-B7C6-44F1-BC0F-27289F435442}.MDrelease|Mixed Platforms.Build.0 = MDrelease|Win32
		{F9DA641C-B7C6-44F1-BC0F-27289F435442}.MDrelease|Win32.ActiveCfg = MDrelease|Win32
		{F9DA641C-B7C6-44F1-BC0F-27289F435442}.MDrelease|Win32.Build.0 = MDrelease|Win32
		{F9DA641C-B7C6-44F1-BC0F-27289F435442}.MDrelease|x64.ActiveCfg = MDrelease|x64
		{F9DA641C-B7C6-44F1-BC0F-27289F435442}.MDrelease|x64.Build.0 = MDrelease|x64
		{F9DA641C-B7C6-44F1-BC0F-27289F435442}.MTdebug|Mixed Platforms.ActiveCfg = MTdebug|Win32
		{F9DA641C-B7C6-44F1-BC0F-27289F435442}.MTdebug|Mixed Platforms.Build.0 = MTdebug|Win32
		{F9DA641C-B7C6-44F1-BC0F-27289F435442}.MTdebug|Win32.ActiveCfg = MTdebug|Win32
		{F9DA641C-B7C6-44F1-BC0F-27289F435442}.MTdebug|x64.ActiveCfg = MTdebug|x64
		{F9DA641C-B7C6-44F1-BC0F-27289F435442}.MTdfebug|Mixed Platforms.ActiveCfg = MTdfebug|Win32
		{F9DA641C-B7C6-44F1-BC0F-27289F435442}.MTdfebug|Mixed Platforms.Build.0 = MTdfebug|Win32
		{F9DA641C-B7C6-44F1-BC0F-27289F435442}.MTdfebug|Win32.ActiveCfg = MTdfebug|Win32
		{F9DA641C-B7C6-44F1-BC0F-27289F435442}.MTdfebug|Win32.Build.0 = MTdfebug|Win32
		{F9DA641C-B7C6-44F1-BC0F-27289F435442}.MTdfebug|x64.ActiveCfg = MTdfebug|x64
		{F9DA641C-B7C6-44F1-BC0F-27289F435442}.MTdfebug|x64.Build.0 = MTdfebug|x64
		{F9DA641C-B7C6-44F1-BC0F-27289F435442}.MTrelease|Mixed Platforms.ActiveCfg = MTrelease|Win32
		{F9DA641C-B7C6-44F1-BC0F-27289F435442}.MTrelease|Mixed Platforms.Build.0 = MTrelease|Win32
		{F9DA641C-B7C6-44F1-BC0F-27289F435442}.MTrelease|Win32.ActiveCfg = MTrelease|Win32
		{F9DA641C-B7C6-44F1-BC0F-27289F435442}.MTrelease|x64.ActiveCfg = MTrelease|x64
		{F9DA641C-B7C6-44F1-BC0F-27289F435442}.Release|Mixed Platforms.ActiveCfg = Release|Win32
		{F9DA641C-B7C6-44F1-BC0F-27289F435442}.Release|Mixed Platforms.Build.0 = Release|Win32
		{F9DA641C-B7C6-44F1-BC0F-27289F435442}.Release|Win32.ActiveCfg = Release|Win32
		{F9DA641C-B7C6-44F1-BC0F-27289F435442}.Release|Win32.Build.0 = Release|Win32
		{F9DA641C-B7C6-44F1-BC0F-27289F435442}.Release|x64.ActiveCfg = Release|x64
		{F9DA641C-B7C6-44F1-BC0F-27289F435442}.Release|x64.Build.0 = Release|x64
		{F9DA641C-B7C6-44F1-BC0F-27289F435442}.SingleImage|Mixed Platforms.ActiveCfg = _MTd|Win32
		{F9DA641C-B7C6-44F1-BC0F-27289F435442}.SingleImage|Mixed Platforms.Build.0 = _MTd|Win32
		{F9DA641C-B7C6-44F1-BC0F-27289F435442}.SingleImage|Win32.ActiveCfg = Release|Win32
		{F9DA641C-B7C6-44F1-BC0F-27289F435442}.SingleImage|Win32.Build.0 = Release|Win32
		{F9DA641C-B7C6-44F1-BC0F-27289F435442}.SingleImage|x64.ActiveCfg = Debug|Win32
		{6249160A-1120-4786-81FE-0261567DD762}._MDdebug|Mixed Platforms.ActiveCfg = SingleImage
		{6249160A-1120-4786-81FE-0261567DD762}._MDdebug|Mixed Platforms.Build.0 = SingleImage
		{6249160A-1120-4786-81FE-0261567DD762}._MDdebug|Win32.ActiveCfg = SingleImage
		{6249160A-1120-4786-81FE-0261567DD762}._MDdebug|Win32.Build.0 = SingleImage
		{6249160A-1120-4786-81FE-0261567DD762}._MDdebug|x64.ActiveCfg = SingleImage
		{6249160A-1120-4786-81FE-0261567DD762}._MDdebug|x64.Build.0 = SingleImage
		{6249160A-1120-4786-81FE-0261567DD762}._MDrelease|Mixed Platforms.ActiveCfg = SingleImage
		{6249160A-1120-4786-81FE-0261567DD762}._MDrelease|Mixed Platforms.Build.0 = SingleImage
		{6249160A-1120-4786-81FE-0261567DD762}._MDrelease|Win32.ActiveCfg = SingleImage
		{6249160A-1120-4786-81FE-0261567DD762}._MDrelease|Win32.Build.0 = SingleImage
		{6249160A-1120-4786-81FE-0261567DD762}._MDrelease|x64.ActiveCfg = SingleImage
		{6249160A-1120-4786-81FE-0261567DD762}._MDrelease|x64.Build.0 = SingleImage
		{6249160A-1120-4786-81FE-0261567DD762}._MT|Mixed Platforms.ActiveCfg = SingleImage
		{6249160A-1120-4786-81FE-0261567DD762}._MT|Mixed Platforms.Build.0 = SingleImage
		{6249160A-1120-4786-81FE-0261567DD762}._MT|Win32.ActiveCfg = SingleImage
		{6249160A-1120-4786-81FE-0261567DD762}._MT|Win32.Build.0 = SingleImage
		{6249160A-1120-4786-81FE-0261567DD762}._MT|x64.ActiveCfg = SingleImage
		{6249160A-1120-4786-81FE-0261567DD762}._MT|x64.Build.0 = SingleImage
		{6249160A-1120-4786-81FE-0261567DD762}._MTd|Mixed Platforms.ActiveCfg = SingleImage
		{6249160A-1120-4786-81FE-0261567DD762}._MTd|Mixed Platforms.Build.0 = SingleImage
		{6249160A-1120-4786-81FE-0261567DD762}._MTd|Win32.ActiveCfg = SingleImage
		{6249160A-1120-4786-81FE-0261567DD762}._MTd|Win32.Build.0 = SingleImage
		{6249160A-1120-4786-81FE-0261567DD762}._MTd|x64.ActiveCfg = SingleImage
		{6249160A-1120-4786-81FE-0261567DD762}._MTd|x64.Build.0 = SingleImage
		{6249160A-1120-4786-81FE-0261567DD762}._MTdebug|Mixed Platforms.ActiveCfg = SingleImage
		{6249160A-1120-4786-81FE-0261567DD762}._MTdebug|Mixed Platforms.Build.0 = SingleImage
		{6249160A-1120-4786-81FE-0261567DD762}._MTdebug|Win32.ActiveCfg = SingleImage
		{6249160A-1120-4786-81FE-0261567DD762}._MTdebug|Win32.Build.0 = SingleImage
		{6249160A-1120-4786-81FE-0261567DD762}._MTdebug|x64.ActiveCfg = SingleImage
		{6249160A-1120-4786-81FE-0261567DD762}._MTdebug|x64.Build.0 = SingleImage
		{6249160A-1120-4786-81FE-0261567DD762}._MTrelease|Mixed Platforms.ActiveCfg = SingleImage
		{6249160A-1120-4786-81FE-0261567DD762}._MTrelease|Mixed Platforms.Build.0 = SingleImage
		{6249160A-1120-4786-81FE-0261567DD762}._MTrelease|Win32.ActiveCfg = SingleImage
		{6249160A-1120-4786-81FE-0261567DD762}._MTrelease|Win32.Build.0 = SingleImage
		{6249160A-1120-4786-81FE-0261567DD762}._MTrelease|x64.ActiveCfg = SingleImage
		{6249160A-1120-4786-81FE-0261567DD762}._MTrelease|x64.Build.0 = SingleImage
		{6249160A-1120-4786-81FE-0261567DD762}.CD_ROM|Mixed Platforms.ActiveCfg = CD_ROM
		{6249160A-1120-4786-81FE-0261567DD762}.CD_ROM|Mixed Platforms.Build.0 = CD_ROM
		{6249160A-1120-4786-81FE-0261567DD762}.CD_ROM|Win32.ActiveCfg = CD_ROM
		{6249160A-1120-4786-81FE-0261567DD762}.CD_ROM|Win32.Build.0 = CD_ROM
		{6249160A-1120-4786-81FE-0261567DD762}.CD_ROM|x64.ActiveCfg = CD_ROM
		{6249160A-1120-4786-81FE-0261567DD762}.CD_ROM|x64.Build.0 = CD_ROM
		{6249160A-1120-4786-81FE-0261567DD762}.Debug|Mixed Platforms.ActiveCfg = DVD-5
		{6249160A-1120-4786-81FE-0261567DD762}.Debug|Mixed Platforms.Build.0 = DVD-5
		{6249160A-1120-4786-81FE-0261567DD762}.Debug|Win32.ActiveCfg = DVD-5
		{6249160A-1120-4786-81FE-0261567DD762}.Debug|x64.ActiveCfg = DVD-5
		{6249160A-1120-4786-81FE-0261567DD762}.DVD-5|Mixed Platforms.ActiveCfg = DVD-5
		{6249160A-1120-4786-81FE-0261567DD762}.DVD-5|Mixed Platforms.Build.0 = DVD-5
		{6249160A-1120-4786-81FE-0261567DD762}.DVD-5|Win32.ActiveCfg = DVD-5
		{6249160A-1120-4786-81FE-0261567DD762}.DVD-5|Win32.Build.0 = DVD-5
		{6249160A-1120-4786-81FE-0261567DD762}.DVD-5|x64.ActiveCfg = DVD-5
		{6249160A-1120-4786-81FE-0261567DD762}.DVD-5|x64.Build.0 = DVD-5
		{6249160A-1120-4786-81FE-0261567DD762}.MD_deb_Nov12|Mixed Platforms.ActiveCfg = DVD-5
		{6249160A-1120-4786-81FE-0261567DD762}.MD_deb_Nov12|Win32.ActiveCfg = DVD-5
		{6249160A-1120-4786-81FE-0261567DD762}.MD_deb_Nov12|x64.ActiveCfg = DVD-5
		{6249160A-1120-4786-81FE-0261567DD762}.MD_rel_Nov12|Mixed Platforms.ActiveCfg = DVD-5
		{6249160A-1120-4786-81FE-0261567DD762}.MD_rel_Nov12|Win32.ActiveCfg = DVD-5
		{6249160A-1120-4786-81FE-0261567DD762}.MD_rel_Nov12|x64.ActiveCfg = DVD-5
		{6249160A-1120-4786-81FE-0261567DD762}.MDdebug|Mixed Platforms.ActiveCfg = SingleImage
		{6249160A-1120-4786-81FE-0261567DD762}.MDdebug|Mixed Platforms.Build.0 = SingleImage
		{6249160A-1120-4786-81FE-0261567DD762}.MDdebug|Win32.ActiveCfg = SingleImage
		{6249160A-1120-4786-81FE-0261567DD762}.MDdebug|x64.ActiveCfg = SingleImage
		{6249160A-1120-4786-81FE-0261567DD762}.MDrelease|Mixed Platforms.ActiveCfg = SingleImage
		{6249160A-1120-4786-81FE-0261567DD762}.MDrelease|Mixed Platforms.Build.0 = SingleImage
		{6249160A-1120-4786-81FE-0261567DD762}.MDrelease|Win32.ActiveCfg = DVD-5
		{6249160A-1120-4786-81FE-0261567DD762}.MDrelease|x64.ActiveCfg = DVD-5
		{6249160A-1120-4786-81FE-0261567DD762}.MTdebug|Mixed Platforms.ActiveCfg = SingleImage
		{6249160A-1120-4786-81FE-0261567DD762}.MTdebug|Mixed Platforms.Build.0 = SingleImage
		{6249160A-1120-4786-81FE-0261567DD762}.MTdebug|Win32.ActiveCfg = SingleImage
		{6249160A-1120-4786-81FE-0261567DD762}.MTdebug|x64.ActiveCfg = SingleImage
		{6249160A-1120-4786-81FE-0261567DD762}.MTdfebug|Mixed Platforms.ActiveCfg = SingleImage
		{6249160A-1120-4786-81FE-0261567DD762}.MTdfebug|Mixed Platforms.Build.0 = SingleImage
		{6249160A-1120-4786-81FE-0261567DD762}.MTdfebug|Win32.ActiveCfg = SingleImage
		{6249160A-1120-4786-81FE-0261567DD762}.MTdfebug|Win32.Build.0 = SingleImage
		{6249160A-1120-4786-81FE-0261567DD762}.MTdfebug|x64.ActiveCfg = SingleImage
		{6249160A-1120-4786-81FE-0261567DD762}.MTdfebug|x64.Build.0 = SingleImage
		{6249160A-1120-4786-81FE-0261567DD762}.MTrelease|Mixed Platforms.ActiveCfg = SingleImage
		{6249160A-1120-4786-81FE-0261567DD762}.MTrelease|Mixed Platforms.Build.0 = SingleImage
		{6249160A-1120-4786-81FE-0261567DD762}.MTrelease|Win32.ActiveCfg = DVD-5
		{6249160A-1120-4786-81FE-0261567DD762}.MTrelease|x64.ActiveCfg = DVD-5
		{6249160A-1120-4786-81FE-0261567DD762}.Release|Mixed Platforms.ActiveCfg = SingleImage
		{6249160A-1120-4786-81FE-0261567DD762}.Release|Mixed Platforms.Build.0 = SingleImage
		{6249160A-1120-4786-81FE-0261567DD762}.Release|Win32.ActiveCfg = SingleImage
		{6249160A-1120-4786-81FE-0261567DD762}.Release|x64.ActiveCfg = SingleImage
		{6249160A-1120-4786-81FE-0261567DD762}.SingleImage|Mixed Platforms.ActiveCfg = SingleImage
		{6249160A-1120-4786-81FE-0261567DD762}.SingleImage|Mixed Platforms.Build.0 = SingleImage
		{6249160A-1120-4786-81FE-0261567DD762}.SingleImage|Win32.ActiveCfg = SingleImage
		{6249160A-1120-4786-81FE-0261567DD762}.SingleImage|Win32.Build.0 = SingleImage
		{6249160A-1120-4786-81FE-0261567DD762}.SingleImage|x64.ActiveCfg = SingleImage
		{6249160A-1120-4786-81FE-0261567DD762}.SingleImage|x64.Build.0 = SingleImage
		{7B9273F7-C86E-469B-9EDA-6E535E2311B4}._MDdebug|Mixed Platforms.ActiveCfg = _MDdebug|Win32
		{7B9273F7-C86E-469B-9EDA-6E535E2311B4}._MDdebug|Mixed Platforms.Build.0 = _MDdebug|Win32
		{7B9273F7-C86E-469B-9EDA-6E535E2311B4}._MDdebug|Win32.ActiveCfg = _MDdebug|Win32
		{7B9273F7-C86E-469B-9EDA-6E535E2311B4}._MDdebug|Win32.Build.0 = _MDdebug|Win32
		{7B9273F7-C86E-469B-9EDA-6E535E2311B4}._MDdebug|x64.ActiveCfg = _MDdebug|x64
		{7B9273F7-C86E-469B-9EDA-6E535E2311B4}._MDdebug|x64.Build.0 = _MDdebug|x64
		{7B9273F7-C86E-469B-9EDA-6E535E2311B4}._MDrelease|Mixed Platforms.ActiveCfg = _MDrelease|Win32
		{7B9273F7-C86E-469B-9EDA-6E535E2311B4}._MDrelease|Mixed Platforms.Build.0 = _MDrelease|Win32
		{7B9273F7-C86E-469B-9EDA-6E535E2311B4}._MDrelease|Win32.ActiveCfg = _MDrelease|Win32
		{7B9273F7-C86E-469B-9EDA-6E535E2311B4}._MDrelease|Win32.Build.0 = _MDrelease|Win32
		{7B9273F7-C86E-469B-9EDA-6E535E2311B4}._MDrelease|x64.ActiveCfg = _MDrelease|x64
		{7B9273F7-C86E-469B-9EDA-6E535E2311B4}._MDrelease|x64.Build.0 = _MDrelease|x64
		{7B9273F7-C86E-469B-9EDA-6E535E2311B4}._MT|Mixed Platforms.ActiveCfg = _MT|Win32
		{7B9273F7-C86E-469B-9EDA-6E535E2311B4}._MT|Mixed Platforms.Build.0 = _MT|Win32
		{7B9273F7-C86E-469B-9EDA-6E535E2311B4}._MT|Win32.ActiveCfg = _MT|Win32
		{7B9273F7-C86E-469B-9EDA-6E535E2311B4}._MT|Win32.Build.0 = _MT|Win32
		{7B9273F7-C86E-469B-9EDA-6E535E2311B4}._MT|x64.ActiveCfg = _MT|x64
		{7B9273F7-C86E-469B-9EDA-6E535E2311B4}._MT|x64.Build.0 = _MT|x64
		{7B9273F7-C86E-469B-9EDA-6E535E2311B4}._MTd|Mixed Platforms.ActiveCfg = _MTd|Win32
		{7B9273F7-C86E-469B-9EDA-6E535E2311B4}._MTd|Mixed Platforms.Build.0 = _MTd|Win32
		{7B9273F7-C86E-469B-9EDA-6E535E2311B4}._MTd|Win32.ActiveCfg = _MTd|Win32
		{7B9273F7-C86E-469B-9EDA-6E535E2311B4}._MTd|Win32.Build.0 = _MTd|Win32
		{7B9273F7-C86E-469B-9EDA-6E535E2311B4}._MTd|x64.ActiveCfg = _MTd|x64
		{7B9273F7-C86E-469B-9EDA-6E535E2311B4}._MTd|x64.Build.0 = _MTd|x64
		{7B9273F7-C86E-469B-9EDA-6E535E2311B4}._MTdebug|Mixed Platforms.ActiveCfg = _MTdebug|Win32
		{7B9273F7-C86E-469B-9EDA-6E535E2311B4}._MTdebug|Mixed Platforms.Build.0 = _MTdebug|Win32
		{7B9273F7-C86E-469B-9EDA-6E535E2311B4}._MTdebug|Win32.ActiveCfg = _MTdebug|Win32
		{7B9273F7-C86E-469B-9EDA-6E535E2311B4}._MTdebug|Win32.Build.0 = _MTdebug|Win32
		{7B9273F7-C86E-469B-9EDA-6E535E2311B4}._MTdebug|x64.ActiveCfg = _MTdebug|x64
		{7B9273F7-C86E-469B-9EDA-6E535E2311B4}._MTdebug|x64.Build.0 = _MTdebug|x64
		{7B9273F7-C86E-469B-9EDA-6E535E2311B4}._MTrelease|Mixed Platforms.ActiveCfg = _MTrelease|Win32
		{7B9273F7-C86E-469B-9EDA-6E535E2311B4}._MTrelease|Mixed Platforms.Build.0 = _MTrelease|Win32
		{7B9273F7-C86E-469B-9EDA-6E535E2311B4}._MTrelease|Win32.ActiveCfg = _MTrelease|Win32
		{7B9273F7-C86E-469B-9EDA-6E535E2311B4}._MTrelease|Win32.Build.0 = _MTrelease|Win32
		{7B9273F7-C86E-469B-9EDA-6E535E2311B4}._MTrelease|x64.ActiveCfg = _MTrelease|x64
		{7B9273F7-C86E-469B-9EDA-6E535E2311B4}._MTrelease|x64.Build.0 = _MTrelease|x64
		{7B9273F7-C86E-469B-9EDA-6E535E2311B4}.CD_ROM|Mixed Platforms.ActiveCfg = _MTd|Win32
		{7B9273F7-C86E-469B-9EDA-6E535E2311B4}.CD_ROM|Mixed Platforms.Build.0 = _MTd|Win32
		{7B9273F7-C86E-469B-9EDA-6E535E2311B4}.CD_ROM|Win32.ActiveCfg = Release|Win32
		{7B9273F7-C86E-469B-9EDA-6E535E2311B4}.CD_ROM|Win32.Build.0 = Release|Win32
		{7B9273F7-C86E-469B-9EDA-6E535E2311B4}.CD_ROM|x64.ActiveCfg = Release|Win32
		{7B9273F7-C86E-469B-9EDA-6E535E2311B4}.Debug|Mixed Platforms.ActiveCfg = Debug|Win32
		{7B9273F7-C86E-469B-9EDA-6E535E2311B4}.Debug|Mixed Platforms.Build.0 = Debug|Win32
		{7B9273F7-C86E-469B-9EDA-6E535E2311B4}.Debug|Win32.ActiveCfg = Debug|Win32
		{7B9273F7-C86E-469B-9EDA-6E535E2311B4}.Debug|Win32.Build.0 = Debug|Win32
		{7B9273F7-C86E-469B-9EDA-6E535E2311B4}.Debug|x64.ActiveCfg = Debug|x64
		{7B9273F7-C86E-469B-9EDA-6E535E2311B4}.Debug|x64.Build.0 = Debug|x64
		{7B9273F7-C86E-469B-9EDA-6E535E2311B4}.DVD-5|Mixed Platforms.ActiveCfg = Debug|Win32
		{7B9273F7-C86E-469B-9EDA-6E535E2311B4}.DVD-5|Mixed Platforms.Build.0 = Debug|Win32
		{7B9273F7-C86E-469B-9EDA-6E535E2311B4}.DVD-5|Win32.ActiveCfg = Debug|Win32
		{7B9273F7-C86E-469B-9EDA-6E535E2311B4}.DVD-5|Win32.Build.0 = Debug|Win32
		{7B9273F7-C86E-469B-9EDA-6E535E2311B4}.DVD-5|x64.ActiveCfg = Debug|Win32
		{7B9273F7-C86E-469B-9EDA-6E535E2311B4}.MD_deb_Nov12|Mixed Platforms.ActiveCfg = MD_deb_Nov12|Win32
		{7B9273F7-C86E-469B-9EDA-6E535E2311B4}.MD_deb_Nov12|Mixed Platforms.Build.0 = MD_deb_Nov12|Win32
		{7B9273F7-C86E-469B-9EDA-6E535E2311B4}.MD_deb_Nov12|Win32.ActiveCfg = MD_deb_Nov12|Win32
		{7B9273F7-C86E-469B-9EDA-6E535E2311B4}.MD_deb_Nov12|Win32.Build.0 = MD_deb_Nov12|Win32
		{7B9273F7-C86E-469B-9EDA-6E535E2311B4}.MD_deb_Nov12|x64.ActiveCfg = MD_deb_Nov12|x64
		{7B9273F7-C86E-469B-9EDA-6E535E2311B4}.MD_deb_Nov12|x64.Build.0 = MD_deb_Nov12|x64
		{7B9273F7-C86E-469B-9EDA-6E535E2311B4}.MD_rel_Nov12|Mixed Platforms.ActiveCfg = MD_rel_Nov12|Win32
		{7B9273F7-C86E-469B-9EDA-6E535E2311B4}.MD_rel_Nov12|Mixed Platforms.Build.0 = MD_rel_Nov12|Win32
		{7B9273F7-C86E-469B-9EDA-6E535E2311B4}.MD_rel_Nov12|Win32.ActiveCfg = MD_rel_Nov12|Win32
		{7B9273F7-C86E-469B-9EDA-6E535E2311B4}.MD_rel_Nov12|Win32.Build.0 = MD_rel_Nov12|Win32
		{7B9273F7-C86E-469B-9EDA-6E535E2311B4}.MD_rel_Nov12|x64.ActiveCfg = MD_rel_Nov12|x64
		{7B9273F7-C86E-469B-9EDA-6E535E2311B4}.MD_rel_Nov12|x64.Build.0 = MD_rel_Nov12|x64
		{7B9273F7-C86E-469B-9EDA-6E535E2311B4}.MDdebug|Mixed Platforms.ActiveCfg = MDdebug|Win32
		{7B9273F7-C86E-469B-9EDA-6E535E2311B4}.MDdebug|Mixed Platforms.Build.0 = MDdebug|Win32
		{7B9273F7-C86E-469B-9EDA-6E535E2311B4}.MDdebug|Win32.ActiveCfg = MDdebug|Win32
		{7B9273F7-C86E-469B-9EDA-6E535E2311B4}.MDdebug|Win32.Build.0 = MDdebug|Win32
		{7B9273F7-C86E-469B-9EDA-6E535E2311B4}.MDdebug|x64.ActiveCfg = MDdebug|x64
		{7B9273F7-C86E-469B-9EDA-6E535E2311B4}.MDdebug|x64.Build.0 = MDdebug|x64
		{7B9273F7-C86E-469B-9EDA-6E535E2311B4}.MDrelease|Mixed Platforms.ActiveCfg = MDrelease|Win32
		{7B9273F7-C86E-469B-9EDA-6E535E2311B4}.MDrelease|Mixed Platforms.Build.0 = MDrelease|Win32
		{7B9273F7-C86E-469B-9EDA-6E535E2311B4}.MDrelease|Win32.ActiveCfg = MDrelease|Win32
		{7B9273F7-C86E-469B-9EDA-6E535E2311B4}.MDrelease|Win32.Build.0 = MDrelease|Win32
		{7B9273F7-C86E-469B-9EDA-6E535E2311B4}.MDrelease|x64.ActiveCfg = MDrelease|x64
		{7B9273F7-C86E-469B-9EDA-6E535E2311B4}.MDrelease|x64.Build.0 = MDrelease|x64
		{7B9273F7-C86E-469B-9EDA-6E535E2311B4}.MTdebug|Mixed Platforms.ActiveCfg = MTdebug|Win32
		{7B9273F7-C86E-469B-9EDA-6E535E2311B4}.MTdebug|Mixed Platforms.Build.0 = MTdebug|Win32
		{7B9273F7-C86E-469B-9EDA-6E535E2311B4}.MTdebug|Win32.ActiveCfg = MTdebug|Win32
		{7B9273F7-C86E-469B-9EDA-6E535E2311B4}.MTdebug|Win32.Build.0 = MTdebug|Win32
		{7B9273F7-C86E-469B-9EDA-6E535E2311B4}.MTdebug|x64.ActiveCfg = MTdebug|x64
		{7B9273F7-C86E-469B-9EDA-6E535E2311B4}.MTdebug|x64.Build.0 = MTdebug|x64
		{7B9273F7-C86E-469B-9EDA-6E535E2311B4}.MTdfebug|Mixed Platforms.ActiveCfg = MTdfebug|Win32
		{7B9273F7-C86E-469B-9EDA-6E535E2311B4}.MTdfebug|Mixed Platforms.Build.0 = MTdfebug|Win32
		{7B9273F7-C86E-469B-9EDA-6E535E2311B4}.MTdfebug|Win32.ActiveCfg = MTdfebug|Win32
		{7B9273F7-C86E-469B-9EDA-6E535E2311B4}.MTdfebug|Win32.Build.0 = MTdfebug|Win32
		{7B9273F7-C86E-469B-9EDA-6E535E2311B4}.MTdfebug|x64.ActiveCfg = MTdfebug|x64
		{7B9273F7-C86E-469B-9EDA-6E535E2311B4}.MTdfebug|x64.Build.0 = MTdfebug|x64
		{7B9273F7-C86E-469B-9EDA-6E535E2311B4}.MTrelease|Mixed Platforms.ActiveCfg = MTrelease|Win32
		{7B9273F7-C86E-469B-9EDA-6E535E2311B4}.MTrelease|Mixed Platforms.Build.0 = MTrelease|Win32
		{7B9273F7-C86E-469B-9EDA-6E535E2311B4}.MTrelease|Win32.ActiveCfg = MTrelease|Win32
		{7B9273F7-C86E-469B-9EDA-6E535E2311B4}.MTrelease|Win32.Build.0 = MTrelease|Win32
		{7B9273F7-C86E-469B-9EDA-6E535E2311B4}.MTrelease|x64.ActiveCfg = MTrelease|x64
		{7B9273F7-C86E-469B-9EDA-6E535E2311B4}.MTrelease|x64.Build.0 = MTrelease|x64
		{7B9273F7-C86E-469B-9EDA-6E535E2311B4}.Release|Mixed Platforms.ActiveCfg = Release|Win32
		{7B9273F7-C86E-469B-9EDA-6E535E2311B4}.Release|Mixed Platforms.Build.0 = Release|Win32
		{7B9273F7-C86E-469B-9EDA-6E535E2311B4}.Release|Win32.ActiveCfg = Release|Win32
		{7B9273F7-C86E-469B-9EDA-6E535E2311B4}.Release|Win32.Build.0 = Release|Win32
		{7B9273F7-C86E-469B-9EDA-6E535E2311B4}.Release|x64.ActiveCfg = Release|x64
		{7B9273F7-C86E-469B-9EDA-6E535E2311B4}.Release|x64.Build.0 = Release|x64
		{7B9273F7-C86E-469B-9EDA-6E535E2311B4}.SingleImage|Mixed Platforms.ActiveCfg = _MTd|Win32
		{7B9273F7-C86E-469B-9EDA-6E535E2311B4}.SingleImage|Mixed Platforms.Build.0 = _MTd|Win32
		{7B9273F7-C86E-469B-9EDA-6E535E2311B4}.SingleImage|Win32.ActiveCfg = Release|Win32
		{7B9273F7-C86E-469B-9EDA-6E535E2311B4}.SingleImage|Win32.Build.0 = Release|Win32
		{7B9273F7-C86E-469B-9EDA-6E535E2311B4}.SingleImage|x64.ActiveCfg = Release|Win32
		{76D8506C-407C-438F-84B9-1F527D96E490}._MDdebug|Mixed Platforms.ActiveCfg = _MDdebug|Win32
		{76D8506C-407C-438F-84B9-1F527D96E490}._MDdebug|Mixed Platforms.Build.0 = _MDdebug|Win32
		{76D8506C-407C-438F-84B9-1F527D96E490}._MDdebug|Win32.ActiveCfg = _MDdebug|Win32
		{76D8506C-407C-438F-84B9-1F527D96E490}._MDdebug|Win32.Build.0 = _MDdebug|Win32
		{76D8506C-407C-438F-84B9-1F527D96E490}._MDdebug|x64.ActiveCfg = _MDdebug|x64
		{76D8506C-407C-438F-84B9-1F527D96E490}._MDdebug|x64.Build.0 = _MDdebug|x64
		{76D8506C-407C-438F-84B9-1F527D96E490}._MDrelease|Mixed Platforms.ActiveCfg = _MDrelease|Win32
		{76D8506C-407C-438F-84B9-1F527D96E490}._MDrelease|Mixed Platforms.Build.0 = _MDrelease|Win32
		{76D8506C-407C-438F-84B9-1F527D96E490}._MDrelease|Win32.ActiveCfg = _MDrelease|Win32
		{76D8506C-407C-438F-84B9-1F527D96E490}._MDrelease|Win32.Build.0 = _MDrelease|Win32
		{76D8506C-407C-438F-84B9-1F527D96E490}._MDrelease|x64.ActiveCfg = _MDrelease|x64
		{76D8506C-407C-438F-84B9-1F527D96E490}._MDrelease|x64.Build.0 = _MDrelease|x64
		{76D8506C-407C-438F-84B9-1F527D96E490}._MT|Mixed Platforms.ActiveCfg = _MT|Win32
		{76D8506C-407C-438F-84B9-1F527D96E490}._MT|Mixed Platforms.Build.0 = _MT|Win32
		{76D8506C-407C-438F-84B9-1F527D96E490}._MT|Win32.ActiveCfg = _MT|Win32
		{76D8506C-407C-438F-84B9-1F527D96E490}._MT|Win32.Build.0 = _MT|Win32
		{76D8506C-407C-438F-84B9-1F527D96E490}._MT|x64.ActiveCfg = _MT|x64
		{76D8506C-407C-438F-84B9-1F527D96E490}._MT|x64.Build.0 = _MT|x64
		{76D8506C-407C-438F-84B9-1F527D96E490}._MTd|Mixed Platforms.ActiveCfg = _MTd|Win32
		{76D8506C-407C-438F-84B9-1F527D96E490}._MTd|Mixed Platforms.Build.0 = _MTd|Win32
		{76D8506C-407C-438F-84B9-1F527D96E490}._MTd|Win32.ActiveCfg = _MTd|Win32
		{76D8506C-407C-438F-84B9-1F527D96E490}._MTd|Win32.Build.0 = _MTd|Win32
		{76D8506C-407C-438F-84B9-1F527D96E490}._MTd|x64.ActiveCfg = _MTd|x64
		{76D8506C-407C-438F-84B9-1F527D96E490}._MTd|x64.Build.0 = _MTd|x64
		{76D8506C-407C-438F-84B9-1F527D96E490}._MTdebug|Mixed Platforms.ActiveCfg = _MTdebug|Win32
		{76D8506C-407C-438F-84B9-1F527D96E490}._MTdebug|Mixed Platforms.Build.0 = _MTdebug|Win32
		{76D8506C-407C-438F-84B9-1F527D96E490}._MTdebug|Win32.ActiveCfg = _MTdebug|Win32
		{76D8506C-407C-438F-84B9-1F527D96E490}._MTdebug|Win32.Build.0 = _MTdebug|Win32
		{76D8506C-407C-438F-84B9-1F527D96E490}._MTdebug|x64.ActiveCfg = _MTdebug|x64
		{76D8506C-407C-438F-84B9-1F527D96E490}._MTdebug|x64.Build.0 = _MTdebug|x64
		{76D8506C-407C-438F-84B9-1F527D96E490}._MTrelease|Mixed Platforms.ActiveCfg = _MTrelease|Win32
		{76D8506C-407C-438F-84B9-1F527D96E490}._MTrelease|Mixed Platforms.Build.0 = _MTrelease|Win32
		{76D8506C-407C-438F-84B9-1F527D96E490}._MTrelease|Win32.ActiveCfg = _MTrelease|Win32
		{76D8506C-407C-438F-84B9-1F527D96E490}._MTrelease|Win32.Build.0 = _MTrelease|Win32
		{76D8506C-407C-438F-84B9-1F527D96E490}._MTrelease|x64.ActiveCfg = _MTrelease|x64
		{76D8506C-407C-438F-84B9-1F527D96E490}._MTrelease|x64.Build.0 = _MTrelease|x64
		{76D8506C-407C-438F-84B9-1F527D96E490}.CD_ROM|Mixed Platforms.ActiveCfg = _MTd|Win32
		{76D8506C-407C-438F-84B9-1F527D96E490}.CD_ROM|Mixed Platforms.Build.0 = _MTd|Win32
		{76D8506C-407C-438F-84B9-1F527D96E490}.CD_ROM|Win32.ActiveCfg = Release|Win32
		{76D8506C-407C-438F-84B9-1F527D96E490}.CD_ROM|Win32.Build.0 = Release|Win32
		{76D8506C-407C-438F-84B9-1F527D96E490}.CD_ROM|x64.ActiveCfg = Release|Win32
		{76D8506C-407C-438F-84B9-1F527D96E490}.Debug|Mixed Platforms.ActiveCfg = Debug|Win32
		{76D8506C-407C-438F-84B9-1F527D96E490}.Debug|Mixed Platforms.Build.0 = Debug|Win32
		{76D8506C-407C-438F-84B9-1F527D96E490}.Debug|Win32.ActiveCfg = Debug|Win32
		{76D8506C-407C-438F-84B9-1F527D96E490}.Debug|x64.ActiveCfg = Debug|x64
		{76D8506C-407C-438F-84B9-1F527D96E490}.DVD-5|Mixed Platforms.ActiveCfg = Debug|Win32
		{76D8506C-407C-438F-84B9-1F527D96E490}.DVD-5|Mixed Platforms.Build.0 = Debug|Win32
		{76D8506C-407C-438F-84B9-1F527D96E490}.DVD-5|Win32.ActiveCfg = Debug|Win32
		{76D8506C-407C-438F-84B9-1F527D96E490}.DVD-5|Win32.Build.0 = Debug|Win32
		{76D8506C-407C-438F-84B9-1F527D96E490}.DVD-5|x64.ActiveCfg = Debug|Win32
		{76D8506C-407C-438F-84B9-1F527D96E490}.MD_deb_Nov12|Mixed Platforms.ActiveCfg = MD_deb_Nov12|Win32
		{76D8506C-407C-438F-84B9-1F527D96E490}.MD_deb_Nov12|Mixed Platforms.Build.0 = MD_deb_Nov12|Win32
		{76D8506C-407C-438F-84B9-1F527D96E490}.MD_deb_Nov12|Win32.ActiveCfg = MD_deb_Nov12|Win32
		{76D8506C-407C-438F-84B9-1F527D96E490}.MD_deb_Nov12|x64.ActiveCfg = MD_deb_Nov12|x64
		{76D8506C-407C-438F-84B9-1F527D96E490}.MD_deb_Nov12|x64.Build.0 = MD_deb_Nov12|x64
		{76D8506C-407C-438F-84B9-1F527D96E490}.MD_rel_Nov12|Mixed Platforms.ActiveCfg = MD_rel_Nov12|Win32
		{76D8506C-407C-438F-84B9-1F527D96E490}.MD_rel_Nov12|Mixed Platforms.Build.0 = MD_rel_Nov12|Win32
		{76D8506C-407C-438F-84B9-1F527D96E490}.MD_rel_Nov12|Win32.ActiveCfg = MD_rel_Nov12|Win32
		{76D8506C-407C-438F-84B9-1F527D96E490}.MD_rel_Nov12|Win32.Build.0 = MD_rel_Nov12|Win32
		{76D8506C-407C-438F-84B9-1F527D96E490}.MD_rel_Nov12|x64.ActiveCfg = MD_rel_Nov12|x64
		{76D8506C-407C-438F-84B9-1F527D96E490}.MD_rel_Nov12|x64.Build.0 = MD_rel_Nov12|x64
		{76D8506C-407C-438F-84B9-1F527D96E490}.MDdebug|Mixed Platforms.ActiveCfg = MDdebug|Win32
		{76D8506C-407C-438F-84B9-1F527D96E490}.MDdebug|Mixed Platforms.Build.0 = MDdebug|Win32
		{76D8506C-407C-438F-84B9-1F527D96E490}.MDdebug|Win32.ActiveCfg = MDdebug|Win32
		{76D8506C-407C-438F-84B9-1F527D96E490}.MDdebug|x64.ActiveCfg = MDdebug|x64
		{76D8506C-407C-438F-84B9-1F527D96E490}.MDrelease|Mixed Platforms.ActiveCfg = MDrelease|Win32
		{76D8506C-407C-438F-84B9-1F527D96E490}.MDrelease|Mixed Platforms.Build.0 = MDrelease|Win32
		{76D8506C-407C-438F-84B9-1F527D96E490}.MDrelease|Win32.ActiveCfg = MDrelease|Win32
		{76D8506C-407C-438F-84B9-1F527D96E490}.MDrelease|x64.ActiveCfg = MDrelease|x64
		{76D8506C-407C-438F-84B9-1F527D96E490}.MDrelease|x64.Build.0 = MDrelease|x64
		{76D8506C-407C-438F-84B9-1F527D96E490}.MTdebug|Mixed Platforms.ActiveCfg = MTdebug|Win32
		{76D8506C-407C-438F-84B9-1F527D96E490}.MTdebug|Mixed Platforms.Build.0 = MTdebug|Win32
		{76D8506C-407C-438F-84B9-1F527D96E490}.MTdebug|Win32.ActiveCfg = MTdebug|Win32
		{76D8506C-407C-438F-84B9-1F527D96E490}.MTdebug|x64.ActiveCfg = MTdebug|x64
		{76D8506C-407C-438F-84B9-1F527D96E490}.MTdebug|x64.Build.0 = MTdebug|x64
		{76D8506C-407C-438F-84B9-1F527D96E490}.MTdfebug|Mixed Platforms.ActiveCfg = MTdfebug|Win32
		{76D8506C-407C-438F-84B9-1F527D96E490}.MTdfebug|Mixed Platforms.Build.0 = MTdfebug|Win32
		{76D8506C-407C-438F-84B9-1F527D96E490}.MTdfebug|Win32.ActiveCfg = MTdfebug|Win32
		{76D8506C-407C-438F-84B9-1F527D96E490}.MTdfebug|Win32.Build.0 = MTdfebug|Win32
		{76D8506C-407C-438F-84B9-1F527D96E490}.MTdfebug|x64.ActiveCfg = MTdfebug|x64
		{76D8506C-407C-438F-84B9-1F527D96E490}.MTdfebug|x64.Build.0 = MTdfebug|x64
		{76D8506C-407C-438F-84B9-1F527D96E490}.MTrelease|Mixed Platforms.ActiveCfg = MTrelease|Win32
		{76D8506C-407C-438F-84B9-1F527D96E490}.MTrelease|Mixed Platforms.Build.0 = MTrelease|Win32
		{76D8506C-407C-438F-84B9-1F527D96E490}.MTrelease|Win32.ActiveCfg = MTrelease|Win32
		{76D8506C-407C-438F-84B9-1F527D96E490}.MTrelease|x64.ActiveCfg = MTrelease|x64
		{76D8506C-407C-438F-84B9-1F527D96E490}.Release|Mixed Platforms.ActiveCfg = Release|Win32
		{76D8506C-407C-438F-84B9-1F527D96E490}.Release|Mixed Platforms.Build.0 = Release|Win32
		{76D8506C-407C-438F-84B9-1F527D96E490}.Release|Win32.ActiveCfg = Release|Win32
		{76D8506C-407C-438F-84B9-1F527D96E490}.Release|x64.ActiveCfg = Release|x64
		{76D8506C-407C-438F-84B9-1F527D96E490}.SingleImage|Mixed Platforms.ActiveCfg = _MTd|Win32
		{76D8506C-407C-438F-84B9-1F527D96E490}.SingleImage|Mixed Platforms.Build.0 = _MTd|Win32
		{76D8506C-407C-438F-84B9-1F527D96E490}.SingleImage|Win32.ActiveCfg = Release|Win32
		{76D8506C-407C-438F-84B9-1F527D96E490}.SingleImage|Win32.Build.0 = Release|Win32
		{76D8506C-407C-438F-84B9-1F527D96E490}.SingleImage|x64.ActiveCfg = Release|Win32
		{19B61B63-6E06-4191-B378-48C714F5D9E0}._MDdebug|Mixed Platforms.ActiveCfg = _MDdebug|Win32
		{19B61B63-6E06-4191-B378-48C714F5D9E0}._MDdebug|Mixed Platforms.Build.0 = _MDdebug|Win32
		{19B61B63-6E06-4191-B378-48C714F5D9E0}._MDdebug|Win32.ActiveCfg = _MDdebug|Win32
		{19B61B63-6E06-4191-B378-48C714F5D9E0}._MDdebug|Win32.Build.0 = _MDdebug|Win32
		{19B61B63-6E06-4191-B378-48C714F5D9E0}._MDdebug|x64.ActiveCfg = _MDdebug|Win32
		{19B61B63-6E06-4191-B378-48C714F5D9E0}._MDrelease|Mixed Platforms.ActiveCfg = _MDrelease|Win32
		{19B61B63-6E06-4191-B378-48C714F5D9E0}._MDrelease|Mixed Platforms.Build.0 = _MDrelease|Win32
		{19B61B63-6E06-4191-B378-48C714F5D9E0}._MDrelease|Win32.ActiveCfg = _MDrelease|Win32
		{19B61B63-6E06-4191-B378-48C714F5D9E0}._MDrelease|Win32.Build.0 = _MDrelease|Win32
		{19B61B63-6E06-4191-B378-48C714F5D9E0}._MDrelease|x64.ActiveCfg = _MDrelease|Win32
		{19B61B63-6E06-4191-B378-48C714F5D9E0}._MT|Mixed Platforms.ActiveCfg = _MT|Win32
		{19B61B63-6E06-4191-B378-48C714F5D9E0}._MT|Mixed Platforms.Build.0 = _MT|Win32
		{19B61B63-6E06-4191-B378-48C714F5D9E0}._MT|Win32.ActiveCfg = _MT|Win32
		{19B61B63-6E06-4191-B378-48C714F5D9E0}._MT|Win32.Build.0 = _MT|Win32
		{19B61B63-6E06-4191-B378-48C714F5D9E0}._MT|x64.ActiveCfg = _MT|Win32
		{19B61B63-6E06-4191-B378-48C714F5D9E0}._MTd|Mixed Platforms.ActiveCfg = _MTd|Win32
		{19B61B63-6E06-4191-B378-48C714F5D9E0}._MTd|Mixed Platforms.Build.0 = _MTd|Win32
		{19B61B63-6E06-4191-B378-48C714F5D9E0}._MTd|Win32.ActiveCfg = _MTd|Win32
		{19B61B63-6E06-4191-B378-48C714F5D9E0}._MTd|Win32.Build.0 = _MTd|Win32
		{19B61B63-6E06-4191-B378-48C714F5D9E0}._MTd|x64.ActiveCfg = _MTd|Win32
		{19B61B63-6E06-4191-B378-48C714F5D9E0}._MTdebug|Mixed Platforms.ActiveCfg = _MTdebug|Win32
		{19B61B63-6E06-4191-B378-48C714F5D9E0}._MTdebug|Mixed Platforms.Build.0 = _MTdebug|Win32
		{19B61B63-6E06-4191-B378-48C714F5D9E0}._MTdebug|Win32.ActiveCfg = _MTdebug|Win32
		{19B61B63-6E06-4191-B378-48C714F5D9E0}._MTdebug|Win32.Build.0 = _MTdebug|Win32
		{19B61B63-6E06-4191-B378-48C714F5D9E0}._MTdebug|x64.ActiveCfg = _MTdebug|Win32
		{19B61B63-6E06-4191-B378-48C714F5D9E0}._MTrelease|Mixed Platforms.ActiveCfg = _MTrelease|Win32
		{19B61B63-6E06-4191-B378-48C714F5D9E0}._MTrelease|Mixed Platforms.Build.0 = _MTrelease|Win32
		{19B61B63-6E06-4191-B378-48C714F5D9E0}._MTrelease|Win32.ActiveCfg = _MTrelease|Win32
		{19B61B63-6E06-4191-B378-48C714F5D9E0}._MTrelease|Win32.Build.0 = _MTrelease|Win32
		{19B61B63-6E06-4191-B378-48C714F5D9E0}._MTrelease|x64.ActiveCfg = _MTrelease|Win32
		{19B61B63-6E06-4191-B378-48C714F5D9E0}.CD_ROM|Mixed Platforms.ActiveCfg = _MTd|Win32
		{19B61B63-6E06-4191-B378-48C714F5D9E0}.CD_ROM|Mixed Platforms.Build.0 = _MTd|Win32
		{19B61B63-6E06-4191-B378-48C714F5D9E0}.CD_ROM|Win32.ActiveCfg = _MTd|Win32
		{19B61B63-6E06-4191-B378-48C714F5D9E0}.CD_ROM|Win32.Build.0 = _MTd|Win32
		{19B61B63-6E06-4191-B378-48C714F5D9E0}.CD_ROM|x64.ActiveCfg = _MTd|Win32
		{19B61B63-6E06-4191-B378-48C714F5D9E0}.Debug|Mixed Platforms.ActiveCfg = Debug|Win32
		{19B61B63-6E06-4191-B378-48C714F5D9E0}.Debug|Mixed Platforms.Build.0 = Debug|Win32
		{19B61B63-6E06-4191-B378-48C714F5D9E0}.Debug|Win32.ActiveCfg = Debug|Win32
		{19B61B63-6E06-4191-B378-48C714F5D9E0}.Debug|Win32.Build.0 = Debug|Win32
		{19B61B63-6E06-4191-B378-48C714F5D9E0}.Debug|x64.ActiveCfg = Debug|Win32
		{19B61B63-6E06-4191-B378-48C714F5D9E0}.DVD-5|Mixed Platforms.ActiveCfg = Debug|Win32
		{19B61B63-6E06-4191-B378-48C714F5D9E0}.DVD-5|Mixed Platforms.Build.0 = Debug|Win32
		{19B61B63-6E06-4191-B378-48C714F5D9E0}.DVD-5|Win32.ActiveCfg = Debug|Win32
		{19B61B63-6E06-4191-B378-48C714F5D9E0}.DVD-5|Win32.Build.0 = Debug|Win32
		{19B61B63-6E06-4191-B378-48C714F5D9E0}.DVD-5|x64.ActiveCfg = Debug|Win32
		{19B61B63-6E06-4191-B378-48C714F5D9E0}.MD_deb_Nov12|Mixed Platforms.ActiveCfg = MD_deb_Nov12|Win32
		{19B61B63-6E06-4191-B378-48C714F5D9E0}.MD_deb_Nov12|Mixed Platforms.Build.0 = MD_deb_Nov12|Win32
		{19B61B63-6E06-4191-B378-48C714F5D9E0}.MD_deb_Nov12|Win32.ActiveCfg = MD_deb_Nov12|Win32
		{19B61B63-6E06-4191-B378-48C714F5D9E0}.MD_deb_Nov12|x64.ActiveCfg = MD_deb_Nov12|Win32
		{19B61B63-6E06-4191-B378-48C714F5D9E0}.MD_deb_Nov12|x64.Build.0 = MD_deb_Nov12|Win32
		{19B61B63-6E06-4191-B378-48C714F5D9E0}.MD_rel_Nov12|Mixed Platforms.ActiveCfg = MD_rel_Nov12|Win32
		{19B61B63-6E06-4191-B378-48C714F5D9E0}.MD_rel_Nov12|Mixed Platforms.Build.0 = MD_rel_Nov12|Win32
		{19B61B63-6E06-4191-B378-48C714F5D9E0}.MD_rel_Nov12|Win32.ActiveCfg = MD_rel_Nov12|Win32
		{19B61B63-6E06-4191-B378-48C714F5D9E0}.MD_rel_Nov12|Win32.Build.0 = MD_rel_Nov12|Win32
		{19B61B63-6E06-4191-B378-48C714F5D9E0}.MD_rel_Nov12|x64.ActiveCfg = MD_rel_Nov12|Win32
		{19B61B63-6E06-4191-B378-48C714F5D9E0}.MDdebug|Mixed Platforms.ActiveCfg = MDdebug|Win32
		{19B61B63-6E06-4191-B378-48C714F5D9E0}.MDdebug|Mixed Platforms.Build.0 = MDdebug|Win32
		{19B61B63-6E06-4191-B378-48C714F5D9E0}.MDdebug|Win32.ActiveCfg = MDdebug|Win32
		{19B61B63-6E06-4191-B378-48C714F5D9E0}.MDdebug|Win32.Build.0 = MDdebug|Win32
		{19B61B63-6E06-4191-B378-48C714F5D9E0}.MDdebug|x64.ActiveCfg = MDdebug|Win32
		{19B61B63-6E06-4191-B378-48C714F5D9E0}.MDrelease|Mixed Platforms.ActiveCfg = MDrelease|Win32
		{19B61B63-6E06-4191-B378-48C714F5D9E0}.MDrelease|Mixed Platforms.Build.0 = MDrelease|Win32
		{19B61B63-6E06-4191-B378-48C714F5D9E0}.MDrelease|Win32.ActiveCfg = MDrelease|Win32
		{19B61B63-6E06-4191-B378-48C714F5D9E0}.MDrelease|Win32.Build.0 = MDrelease|Win32
		{19B61B63-6E06-4191-B378-48C714F5D9E0}.MDrelease|x64.ActiveCfg = MDrelease|Win32
		{19B61B63-6E06-4191-B378-48C714F5D9E0}.MDrelease|x64.Build.0 = MDrelease|Win32
		{19B61B63-6E06-4191-B378-48C714F5D9E0}.MTdebug|Mixed Platforms.ActiveCfg = MTdebug|Win32
		{19B61B63-6E06-4191-B378-48C714F5D9E0}.MTdebug|Mixed Platforms.Build.0 = MTdebug|Win32
		{19B61B63-6E06-4191-B378-48C714F5D9E0}.MTdebug|Win32.ActiveCfg = MTdebug|Win32
		{19B61B63-6E06-4191-B378-48C714F5D9E0}.MTdebug|Win32.Build.0 = MTdebug|Win32
		{19B61B63-6E06-4191-B378-48C714F5D9E0}.MTdebug|x64.ActiveCfg = MTdebug|Win32
		{19B61B63-6E06-4191-B378-48C714F5D9E0}.MTdfebug|Mixed Platforms.ActiveCfg = MTdfebug|Win32
		{19B61B63-6E06-4191-B378-48C714F5D9E0}.MTdfebug|Mixed Platforms.Build.0 = MTdfebug|Win32
		{19B61B63-6E06-4191-B378-48C714F5D9E0}.MTdfebug|Win32.ActiveCfg = MTdfebug|Win32
		{19B61B63-6E06-4191-B378-48C714F5D9E0}.MTdfebug|Win32.Build.0 = MTdfebug|Win32
		{19B61B63-6E06-4191-B378-48C714F5D9E0}.MTdfebug|x64.ActiveCfg = MTdfebug|Win32
		{19B61B63-6E06-4191-B378-48C714F5D9E0}.MTrelease|Mixed Platforms.ActiveCfg = MTrelease|Win32
		{19B61B63-6E06-4191-B378-48C714F5D9E0}.MTrelease|Mixed Platforms.Build.0 = MTrelease|Win32
		{19B61B63-6E06-4191-B378-48C714F5D9E0}.MTrelease|Win32.ActiveCfg = MTrelease|Win32
		{19B61B63-6E06-4191-B378-48C714F5D9E0}.MTrelease|Win32.Build.0 = MTrelease|Win32
		{19B61B63-6E06-4191-B378-48C714F5D9E0}.MTrelease|x64.ActiveCfg = MTrelease|Win32
		{19B61B63-6E06-4191-B378-48C714F5D9E0}.Release|Mixed Platforms.ActiveCfg = Release|Win32
		{19B61B63-6E06-4191-B378-48C714F5D9E0}.Release|Mixed Platforms.Build.0 = Release|Win32
		{19B61B63-6E06-4191-B378-48C714F5D9E0}.Release|Win32.ActiveCfg = Release|Win32
		{19B61B63-6E06-4191-B378-48C714F5D9E0}.Release|Win32.Build.0 = Release|Win32
		{19B61B63-6E06-4191-B378-48C714F5D9E0}.Release|x64.ActiveCfg = Release|Win32
		{19B61B63-6E06-4191-B378-48C714F5D9E0}.SingleImage|Mixed Platforms.ActiveCfg = _MTd|Win32
		{19B61B63-6E06-4191-B378-48C714F5D9E0}.SingleImage|Mixed Platforms.Build.0 = _MTd|Win32
		{19B61B63-6E06-4191-B378-48C714F5D9E0}.SingleImage|Win32.ActiveCfg = _MTd|Win32
		{19B61B63-6E06-4191-B378-48C714F5D9E0}.SingleImage|Win32.Build.0 = _MTd|Win32
		{19B61B63-6E06-4191-B378-48C714F5D9E0}.SingleImage|x64.ActiveCfg = _MTd|Win32
	EndGlobalSection
	GlobalSection(SolutionProperties) = preSolution
		HideSolutionNode = FALSE
	EndGlobalSection
EndGlobal
